
Microsoft Visual Studio Solution File, Format Version 12.00
# Visual Studio Version 16
VisualStudioVersion = 16.0.29123.89
MinimumVisualStudioVersion = 10.0.40219.1
Project("{8BC9CEB8-8B4A-11D0-8D11-00A0C91BC942}") = "SDL2_Base_Android", "VSProjects\SDL2\SDL2_Android.vcxproj", "{B7BE417C-B6C5-4A69-A056-E0CB0C6A344C}"
EndProject
Project("{8BC9CEB8-8B4A-11D0-8D11-00A0C91BC942}") = "BindstoneClient_Android", "VSProjects\BindstoneClient\BindstoneClient_Android\BindstoneClient_Android.vcxproj", "{B7F3A6F1-0359-4427-925D-4A6D1C979B61}"
	ProjectSection(ProjectDependencies) = postProject
		{B7BE417C-B6C5-4A69-A056-E0CB0C6A344C} = {B7BE417C-B6C5-4A69-A056-E0CB0C6A344C}
	EndProjectSection
EndProject
Project("{39E2626F-3545-4960-A6E8-258AD8476CE5}") = "BindstoneClient_AndroidGradle", "VSProjects\BindstoneClient\BindstoneClient_AndroidGradle\BindstoneClient_AndroidGradle.androidproj", "{F38408B0-8D17-4D2B-AEB4-5FA30B7F6373}"
	ProjectSection(ProjectDependencies) = postProject
		{03A9401D-CEFF-4F5E-A7B4-FC2A0D9F6C95} = {03A9401D-CEFF-4F5E-A7B4-FC2A0D9F6C95}
		{B7BE417C-B6C5-4A69-A056-E0CB0C6A344C} = {B7BE417C-B6C5-4A69-A056-E0CB0C6A344C}
		{B7F3A6F1-0359-4427-925D-4A6D1C979B61} = {B7F3A6F1-0359-4427-925D-4A6D1C979B61}
	EndProjectSection
EndProject
Project("{8BC9CEB8-8B4A-11D0-8D11-00A0C91BC942}") = "SDL2_Base_Windows_Lib", "VSProjects\SDL2\SDL2_Windows.vcxproj", "{293A519C-5BD3-4847-9DAB-C3C39391D48A}"
EndProject
Project("{8BC9CEB8-8B4A-11D0-8D11-00A0C91BC942}") = "SDL2_Base_Common", "VSProjects\SDL2\SDL2_Common.vcxitems", "{04EA8A26-9B59-453D-BADB-8EEA1A7F3411}"
EndProject
Project("{8BC9CEB8-8B4A-11D0-8D11-00A0C91BC942}") = "BindstoneClient_Windows", "VSProjects\BindstoneClient\BindstoneClient_Windows\BindstoneClient_Windows.vcxproj", "{42D400C4-186C-4B11-9095-D87E555C4279}"
EndProject
Project("{8BC9CEB8-8B4A-11D0-8D11-00A0C91BC942}") = "SDL2_Image_Android", "VSProjects\SDL2_image\SDL2_image_Android.vcxproj", "{03A9401D-CEFF-4F5E-A7B4-FC2A0D9F6C95}"
EndProject
Project("{8BC9CEB8-8B4A-11D0-8D11-00A0C91BC942}") = "SDL2_Image_Common", "VSProjects\SDL2_image\SDL2_Image_Common.vcxitems", "{0A216055-7992-4818-AB1C-A3D0A4317566}"
EndProject
Project("{8BC9CEB8-8B4A-11D0-8D11-00A0C91BC942}") = "SDL2_ttf_Android", "VSProjects\SDL2_ttf\SDL2_ttf_Android.vcxproj", "{8572235C-B335-40DD-BA5F-9954BEDC4BFC}"
EndProject
Project("{8BC9CEB8-8B4A-11D0-8D11-00A0C91BC942}") = "SDL2_ttf_Common", "VSProjects\SDL2_ttf\SDL2_ttf_Common.vcxitems", "{7D0090A3-D938-4E0E-8411-DAB035C8E641}"
EndProject
Project("{2150E333-8FDC-42A3-9474-1A3956D46DE8}") = "SDL", "SDL", "{DCCC7423-A6D8-43C2-84D6-168688997DF7}"
EndProject
Project("{8BC9CEB8-8B4A-11D0-8D11-00A0C91BC942}") = "MutedVision_Common", "VSProjects\MutedVision\MutedVision_Common.vcxitems", "{B2E0B593-79FD-432C-AA7B-1ECA70A96271}"
EndProject
Project("{8BC9CEB8-8B4A-11D0-8D11-00A0C91BC942}") = "MutedVision_Android", "VSProjects\MutedVision\MutedVision_Android\MutedVision_Android.vcxproj", "{46B19B64-8CD7-424C-969E-2CDC234DA7A5}"
EndProject
Project("{8BC9CEB8-8B4A-11D0-8D11-00A0C91BC942}") = "External_Common", "External\VSProjects\External_Common\External_Common.vcxitems", "{A362B2C9-3629-4701-BE16-FB7E28A51CC6}"
EndProject
Project("{8BC9CEB8-8B4A-11D0-8D11-00A0C91BC942}") = "External_Android", "External\VSProjects\External_Android\External_Android.vcxproj", "{62D1AE53-E46D-4CD1-91A9-1F1E3EFCF064}"
EndProject
Project("{8BC9CEB8-8B4A-11D0-8D11-00A0C91BC942}") = "Bindstone_Common", "VSProjects\BindstoneClient\Bindstone_Common\Bindstone_Common.vcxitems", "{8E980497-3531-4455-8290-5491C08A9385}"
EndProject
Project("{8BC9CEB8-8B4A-11D0-8D11-00A0C91BC942}") = "wolfssl", "External\wolfssl-4.3.0\wolfssl.vcxproj", "{73973223-5EE8-41CA-8E88-1D60E89A237B}"
EndProject
Project("{8BC9CEB8-8B4A-11D0-8D11-00A0C91BC942}") = "WolfSSL_Common", "External\VSProjects\WolfSSL_Common\WolfSSL_Common.vcxitems", "{8474958A-B1D8-4DFB-AAD4-E819A4CC2B53}"
EndProject
Project("{8BC9CEB8-8B4A-11D0-8D11-00A0C91BC942}") = "WolfSSL_Android", "External\VSProjects\WolfSSL_Android\WolfSSL_Android.vcxproj", "{C0414840-3914-4781-947B-9262E5BA2138}"
EndProject
Project("{2150E333-8FDC-42A3-9474-1A3956D46DE8}") = "Solution Items", "Solution Items", "{8C48B08C-1F87-4C7E-A9CF-32656D522830}"
	ProjectSection(SolutionItems) = preProject
		android.natvis = android.natvis
	EndProjectSection
EndProject
Project("{8BC9CEB8-8B4A-11D0-8D11-00A0C91BC942}") = "MutedVision_Windows", "VSProjects\MutedVision\MutedVision_Windows\MutedVision_Windows.vcxproj", "{31BF8318-85D5-4E81-98D3-04BFD30F062B}"
EndProject
Project("{8BC9CEB8-8B4A-11D0-8D11-00A0C91BC942}") = "External_Windows", "External\VSProjects\External_Windows\External_Windows.vcxproj", "{CF1FC4EF-E11D-40A8-9107-A1148411B280}"
EndProject
Project("{2150E333-8FDC-42A3-9474-1A3956D46DE8}") = "Library", "Library", "{47EC381C-D753-4F84-970C-FB4726FB0BC7}"
EndProject
Project("{2150E333-8FDC-42A3-9474-1A3956D46DE8}") = "WolfSSL", "WolfSSL", "{C0D7FB0B-1BE7-4B83-AFE5-6AABD74318A2}"
EndProject
Project("{2150E333-8FDC-42A3-9474-1A3956D46DE8}") = "MV", "MV", "{14A0E709-3AC6-42AF-AD2A-9EEEDA8DC5E3}"
EndProject
Project("{2150E333-8FDC-42A3-9474-1A3956D46DE8}") = "BindstoneClient", "BindstoneClient", "{D51D38D4-FA61-4EB2-9299-78BB768D90B8}"
EndProject
Project("{2150E333-8FDC-42A3-9474-1A3956D46DE8}") = "BindstoneServer", "BindstoneServer", "{24CBDE04-4782-464E-A002-6D38808A220B}"
EndProject
Project("{8BC9CEB8-8B4A-11D0-8D11-00A0C91BC942}") = "BindstoneGameServer_Windows", "VSProjects\BindstoneGameServer_Windows\BindstoneGameServer_Windows.vcxproj", "{ADD84207-F5B2-46F0-9BD9-CE302AE95B45}"
EndProject
Project("{8BC9CEB8-8B4A-11D0-8D11-00A0C91BC942}") = "BindstoneLobbyServer_Windows", "VSProjects\BindstoneLobbyServer_Windows\BindstoneLobbyServer_Windows.vcxproj", "{77966753-DF43-4201-B7F4-7B184BE77FAD}"
EndProject
Project("{2150E333-8FDC-42A3-9474-1A3956D46DE8}") = "libpqxx", "libpqxx", "{658DE4C9-F7FC-4825-94D7-73E6C8D1F170}"
EndProject
Project("{8BC9CEB8-8B4A-11D0-8D11-00A0C91BC942}") = "libpqxx_Windows", "External\VSProjects\libpqxx_Windows\libpqxx_Windows.vcxproj", "{CFDE0AD2-F083-4207-A85A-BC75C6559F03}"
EndProject
Global
	GlobalSection(SharedMSBuildProjectFiles) = preSolution
		VSProjects\SDL2_image\SDL2_Image_Common.vcxitems*{03a9401d-ceff-4f5e-a7b4-fc2a0d9f6c95}*SharedItemsImports = 4
		VSProjects\SDL2\SDL2_Common.vcxitems*{04ea8a26-9b59-453d-badb-8eea1a7f3411}*SharedItemsImports = 9
		VSProjects\SDL2_image\SDL2_Image_Common.vcxitems*{0a216055-7992-4818-ab1c-a3d0a4317566}*SharedItemsImports = 9
		VSProjects\SDL2\SDL2_Common.vcxitems*{293a519c-5bd3-4847-9dab-c3c39391d48a}*SharedItemsImports = 4
		VSProjects\SDL2_image\SDL2_Image_Common.vcxitems*{293a519c-5bd3-4847-9dab-c3c39391d48a}*SharedItemsImports = 4
		VSProjects\SDL2_ttf\SDL2_ttf_Common.vcxitems*{293a519c-5bd3-4847-9dab-c3c39391d48a}*SharedItemsImports = 4
		VSProjects\MutedVision\MutedVision_Common.vcxitems*{31bf8318-85d5-4e81-98d3-04bfd30f062b}*SharedItemsImports = 4
		VSProjects\BindstoneClient\Bindstone_Common\Bindstone_Common.vcxitems*{42d400c4-186c-4b11-9095-d87e555c4279}*SharedItemsImports = 4
		VSProjects\MutedVision\MutedVision_Common.vcxitems*{46b19b64-8cd7-424c-969e-2cdc234da7a5}*SharedItemsImports = 4
		External\VSProjects\External_Common\External_Common.vcxitems*{62d1ae53-e46d-4cd1-91a9-1f1e3efcf064}*SharedItemsImports = 4
		External\VSProjects\WolfSSL_Common\WolfSSL_Common.vcxitems*{73973223-5ee8-41ca-8e88-1d60e89a237b}*SharedItemsImports = 4
		VSProjects\Bindstone_Common\Bindstone_Common.vcxitems*{77966753-df43-4201-b7f4-7b184be77fad}*SharedItemsImports = 4
		VSProjects\SDL2_ttf\SDL2_ttf_Common.vcxitems*{7d0090a3-d938-4e0e-8411-dab035c8e641}*SharedItemsImports = 9
		External\VSProjects\WolfSSL_Common\WolfSSL_Common.vcxitems*{8474958a-b1d8-4dfb-aad4-e819a4cc2b53}*SharedItemsImports = 9
		VSProjects\SDL2_ttf\SDL2_ttf_Common.vcxitems*{8572235c-b335-40dd-ba5f-9954bedc4bfc}*SharedItemsImports = 4
		VSProjects\BindstoneClient\Bindstone_Common\Bindstone_Common.vcxitems*{8e980497-3531-4455-8290-5491c08a9385}*SharedItemsImports = 9
		External\VSProjects\External_Common\External_Common.vcxitems*{a362b2c9-3629-4701-be16-fb7e28a51cc6}*SharedItemsImports = 9
		VSProjects\Bindstone_Common\Bindstone_Common.vcxitems*{add84207-f5b2-46f0-9bd9-ce302ae95b45}*SharedItemsImports = 4
		VSProjects\MutedVision\MutedVision_Common.vcxitems*{b2e0b593-79fd-432c-aa7b-1eca70a96271}*SharedItemsImports = 9
		VSProjects\SDL2\SDL2_Common.vcxitems*{b7be417c-b6c5-4a69-a056-e0cb0c6a344c}*SharedItemsImports = 4
		VSProjects\BindstoneClient\Bindstone_Common\Bindstone_Common.vcxitems*{b7f3a6f1-0359-4427-925d-4a6d1c979b61}*SharedItemsImports = 4
		External\VSProjects\WolfSSL_Common\WolfSSL_Common.vcxitems*{c0414840-3914-4781-947b-9262e5ba2138}*SharedItemsImports = 4
		External\VSProjects\External_Common\External_Common.vcxitems*{cf1fc4ef-e11d-40a8-9107-a1148411b280}*SharedItemsImports = 4
	EndGlobalSection
	GlobalSection(SolutionConfigurationPlatforms) = preSolution
		Debug|ARM = Debug|ARM
		Debug|ARM64 = Debug|ARM64
		Debug|x64 = Debug|x64
		Debug|x86 = Debug|x86
		Release|ARM = Release|ARM
		Release|ARM64 = Release|ARM64
		Release|x64 = Release|x64
		Release|x86 = Release|x86
	EndGlobalSection
	GlobalSection(ProjectConfigurationPlatforms) = postSolution
		{B7BE417C-B6C5-4A69-A056-E0CB0C6A344C}.Debug|ARM.ActiveCfg = Debug|ARM
		{B7BE417C-B6C5-4A69-A056-E0CB0C6A344C}.Debug|ARM.Build.0 = Debug|ARM
		{B7BE417C-B6C5-4A69-A056-E0CB0C6A344C}.Debug|ARM64.ActiveCfg = Debug|ARM64
		{B7BE417C-B6C5-4A69-A056-E0CB0C6A344C}.Debug|ARM64.Build.0 = Debug|ARM64
		{B7BE417C-B6C5-4A69-A056-E0CB0C6A344C}.Debug|x64.ActiveCfg = Debug|x64
		{B7BE417C-B6C5-4A69-A056-E0CB0C6A344C}.Debug|x64.Build.0 = Debug|x64
		{B7BE417C-B6C5-4A69-A056-E0CB0C6A344C}.Debug|x86.ActiveCfg = Debug|x86
		{B7BE417C-B6C5-4A69-A056-E0CB0C6A344C}.Debug|x86.Build.0 = Debug|x86
		{B7BE417C-B6C5-4A69-A056-E0CB0C6A344C}.Release|ARM.ActiveCfg = Release|ARM
		{B7BE417C-B6C5-4A69-A056-E0CB0C6A344C}.Release|ARM.Build.0 = Release|ARM
		{B7BE417C-B6C5-4A69-A056-E0CB0C6A344C}.Release|ARM64.ActiveCfg = Release|ARM64
		{B7BE417C-B6C5-4A69-A056-E0CB0C6A344C}.Release|ARM64.Build.0 = Release|ARM64
		{B7BE417C-B6C5-4A69-A056-E0CB0C6A344C}.Release|x64.ActiveCfg = Release|x64
		{B7BE417C-B6C5-4A69-A056-E0CB0C6A344C}.Release|x64.Build.0 = Release|x64
		{B7BE417C-B6C5-4A69-A056-E0CB0C6A344C}.Release|x86.ActiveCfg = Release|x86
		{B7BE417C-B6C5-4A69-A056-E0CB0C6A344C}.Release|x86.Build.0 = Release|x86
		{B7F3A6F1-0359-4427-925D-4A6D1C979B61}.Debug|ARM.ActiveCfg = Debug|ARM
		{B7F3A6F1-0359-4427-925D-4A6D1C979B61}.Debug|ARM.Build.0 = Debug|ARM
		{B7F3A6F1-0359-4427-925D-4A6D1C979B61}.Debug|ARM64.ActiveCfg = Debug|ARM64
		{B7F3A6F1-0359-4427-925D-4A6D1C979B61}.Debug|ARM64.Build.0 = Debug|ARM64
		{B7F3A6F1-0359-4427-925D-4A6D1C979B61}.Debug|x64.ActiveCfg = Debug|x64
		{B7F3A6F1-0359-4427-925D-4A6D1C979B61}.Debug|x64.Build.0 = Debug|x64
		{B7F3A6F1-0359-4427-925D-4A6D1C979B61}.Debug|x86.ActiveCfg = Debug|x86
		{B7F3A6F1-0359-4427-925D-4A6D1C979B61}.Debug|x86.Build.0 = Debug|x86
		{B7F3A6F1-0359-4427-925D-4A6D1C979B61}.Release|ARM.ActiveCfg = Release|ARM
		{B7F3A6F1-0359-4427-925D-4A6D1C979B61}.Release|ARM.Build.0 = Release|ARM
		{B7F3A6F1-0359-4427-925D-4A6D1C979B61}.Release|ARM64.ActiveCfg = Release|ARM64
		{B7F3A6F1-0359-4427-925D-4A6D1C979B61}.Release|x64.ActiveCfg = Release|x64
		{B7F3A6F1-0359-4427-925D-4A6D1C979B61}.Release|x64.Build.0 = Release|x64
		{B7F3A6F1-0359-4427-925D-4A6D1C979B61}.Release|x86.ActiveCfg = Release|x86
		{B7F3A6F1-0359-4427-925D-4A6D1C979B61}.Release|x86.Build.0 = Release|x86
		{F38408B0-8D17-4D2B-AEB4-5FA30B7F6373}.Debug|ARM.ActiveCfg = Debug|ARM
		{F38408B0-8D17-4D2B-AEB4-5FA30B7F6373}.Debug|ARM.Build.0 = Debug|ARM
		{F38408B0-8D17-4D2B-AEB4-5FA30B7F6373}.Debug|ARM.Deploy.0 = Debug|ARM
		{F38408B0-8D17-4D2B-AEB4-5FA30B7F6373}.Debug|ARM64.ActiveCfg = Debug|ARM64
		{F38408B0-8D17-4D2B-AEB4-5FA30B7F6373}.Debug|ARM64.Build.0 = Debug|ARM64
		{F38408B0-8D17-4D2B-AEB4-5FA30B7F6373}.Debug|ARM64.Deploy.0 = Debug|ARM64
		{F38408B0-8D17-4D2B-AEB4-5FA30B7F6373}.Debug|x64.ActiveCfg = Debug|x64
		{F38408B0-8D17-4D2B-AEB4-5FA30B7F6373}.Debug|x64.Build.0 = Debug|x64
		{F38408B0-8D17-4D2B-AEB4-5FA30B7F6373}.Debug|x64.Deploy.0 = Debug|x64
		{F38408B0-8D17-4D2B-AEB4-5FA30B7F6373}.Debug|x86.ActiveCfg = Debug|x86
		{F38408B0-8D17-4D2B-AEB4-5FA30B7F6373}.Debug|x86.Build.0 = Debug|x86
		{F38408B0-8D17-4D2B-AEB4-5FA30B7F6373}.Debug|x86.Deploy.0 = Debug|x86
		{F38408B0-8D17-4D2B-AEB4-5FA30B7F6373}.Release|ARM.ActiveCfg = Release|ARM
		{F38408B0-8D17-4D2B-AEB4-5FA30B7F6373}.Release|ARM.Build.0 = Release|ARM
		{F38408B0-8D17-4D2B-AEB4-5FA30B7F6373}.Release|ARM.Deploy.0 = Release|ARM
		{F38408B0-8D17-4D2B-AEB4-5FA30B7F6373}.Release|ARM64.ActiveCfg = Release|ARM64
		{F38408B0-8D17-4D2B-AEB4-5FA30B7F6373}.Release|ARM64.Build.0 = Release|ARM64
		{F38408B0-8D17-4D2B-AEB4-5FA30B7F6373}.Release|ARM64.Deploy.0 = Release|ARM64
		{F38408B0-8D17-4D2B-AEB4-5FA30B7F6373}.Release|x64.ActiveCfg = Release|x64
		{F38408B0-8D17-4D2B-AEB4-5FA30B7F6373}.Release|x64.Build.0 = Release|x64
		{F38408B0-8D17-4D2B-AEB4-5FA30B7F6373}.Release|x64.Deploy.0 = Release|x64
		{F38408B0-8D17-4D2B-AEB4-5FA30B7F6373}.Release|x86.ActiveCfg = Release|x86
		{F38408B0-8D17-4D2B-AEB4-5FA30B7F6373}.Release|x86.Build.0 = Release|x86
		{F38408B0-8D17-4D2B-AEB4-5FA30B7F6373}.Release|x86.Deploy.0 = Release|x86
		{293A519C-5BD3-4847-9DAB-C3C39391D48A}.Debug|ARM.ActiveCfg = Debug|ARM
		{293A519C-5BD3-4847-9DAB-C3C39391D48A}.Debug|ARM64.ActiveCfg = Debug|Win32
		{293A519C-5BD3-4847-9DAB-C3C39391D48A}.Debug|x64.ActiveCfg = Debug|x64
		{293A519C-5BD3-4847-9DAB-C3C39391D48A}.Debug|x64.Build.0 = Debug|x64
		{293A519C-5BD3-4847-9DAB-C3C39391D48A}.Debug|x86.ActiveCfg = Debug|Win32
		{293A519C-5BD3-4847-9DAB-C3C39391D48A}.Debug|x86.Build.0 = Debug|Win32
		{293A519C-5BD3-4847-9DAB-C3C39391D48A}.Release|ARM.ActiveCfg = Release|ARM
		{293A519C-5BD3-4847-9DAB-C3C39391D48A}.Release|ARM64.ActiveCfg = Release|Win32
		{293A519C-5BD3-4847-9DAB-C3C39391D48A}.Release|x64.ActiveCfg = Release|x64
		{293A519C-5BD3-4847-9DAB-C3C39391D48A}.Release|x64.Build.0 = Release|x64
		{293A519C-5BD3-4847-9DAB-C3C39391D48A}.Release|x86.ActiveCfg = Release|Win32
		{293A519C-5BD3-4847-9DAB-C3C39391D48A}.Release|x86.Build.0 = Release|Win32
		{42D400C4-186C-4B11-9095-D87E555C4279}.Debug|ARM.ActiveCfg = Debug|Win32
		{42D400C4-186C-4B11-9095-D87E555C4279}.Debug|ARM64.ActiveCfg = Debug|Win32
		{42D400C4-186C-4B11-9095-D87E555C4279}.Debug|x64.ActiveCfg = Debug|x64
		{42D400C4-186C-4B11-9095-D87E555C4279}.Debug|x64.Build.0 = Debug|x64
		{42D400C4-186C-4B11-9095-D87E555C4279}.Debug|x86.ActiveCfg = Debug|Win32
		{42D400C4-186C-4B11-9095-D87E555C4279}.Debug|x86.Build.0 = Debug|Win32
		{42D400C4-186C-4B11-9095-D87E555C4279}.Release|ARM.ActiveCfg = Release|Win32
		{42D400C4-186C-4B11-9095-D87E555C4279}.Release|ARM64.ActiveCfg = Release|Win32
		{42D400C4-186C-4B11-9095-D87E555C4279}.Release|x64.ActiveCfg = Release|x64
		{42D400C4-186C-4B11-9095-D87E555C4279}.Release|x64.Build.0 = Release|x64
		{42D400C4-186C-4B11-9095-D87E555C4279}.Release|x86.ActiveCfg = Release|Win32
		{42D400C4-186C-4B11-9095-D87E555C4279}.Release|x86.Build.0 = Release|Win32
		{03A9401D-CEFF-4F5E-A7B4-FC2A0D9F6C95}.Debug|ARM.ActiveCfg = Debug|ARM
		{03A9401D-CEFF-4F5E-A7B4-FC2A0D9F6C95}.Debug|ARM.Build.0 = Debug|ARM
		{03A9401D-CEFF-4F5E-A7B4-FC2A0D9F6C95}.Debug|ARM64.ActiveCfg = Debug|ARM64
		{03A9401D-CEFF-4F5E-A7B4-FC2A0D9F6C95}.Debug|ARM64.Build.0 = Debug|ARM64
		{03A9401D-CEFF-4F5E-A7B4-FC2A0D9F6C95}.Debug|x64.ActiveCfg = Debug|x64
		{03A9401D-CEFF-4F5E-A7B4-FC2A0D9F6C95}.Debug|x64.Build.0 = Debug|x64
		{03A9401D-CEFF-4F5E-A7B4-FC2A0D9F6C95}.Debug|x86.ActiveCfg = Debug|x86
		{03A9401D-CEFF-4F5E-A7B4-FC2A0D9F6C95}.Debug|x86.Build.0 = Debug|x86
		{03A9401D-CEFF-4F5E-A7B4-FC2A0D9F6C95}.Release|ARM.ActiveCfg = Release|ARM
		{03A9401D-CEFF-4F5E-A7B4-FC2A0D9F6C95}.Release|ARM.Build.0 = Release|ARM
		{03A9401D-CEFF-4F5E-A7B4-FC2A0D9F6C95}.Release|ARM64.ActiveCfg = Release|ARM64
		{03A9401D-CEFF-4F5E-A7B4-FC2A0D9F6C95}.Release|ARM64.Build.0 = Release|ARM64
		{03A9401D-CEFF-4F5E-A7B4-FC2A0D9F6C95}.Release|x64.ActiveCfg = Release|x64
		{03A9401D-CEFF-4F5E-A7B4-FC2A0D9F6C95}.Release|x64.Build.0 = Release|x64
		{03A9401D-CEFF-4F5E-A7B4-FC2A0D9F6C95}.Release|x86.ActiveCfg = Release|x86
		{03A9401D-CEFF-4F5E-A7B4-FC2A0D9F6C95}.Release|x86.Build.0 = Release|x86
		{8572235C-B335-40DD-BA5F-9954BEDC4BFC}.Debug|ARM.ActiveCfg = Debug|ARM
		{8572235C-B335-40DD-BA5F-9954BEDC4BFC}.Debug|ARM.Build.0 = Debug|ARM
		{8572235C-B335-40DD-BA5F-9954BEDC4BFC}.Debug|ARM64.ActiveCfg = Debug|ARM64
		{8572235C-B335-40DD-BA5F-9954BEDC4BFC}.Debug|ARM64.Build.0 = Debug|ARM64
		{8572235C-B335-40DD-BA5F-9954BEDC4BFC}.Debug|x64.ActiveCfg = Debug|x64
		{8572235C-B335-40DD-BA5F-9954BEDC4BFC}.Debug|x64.Build.0 = Debug|x64
		{8572235C-B335-40DD-BA5F-9954BEDC4BFC}.Debug|x86.ActiveCfg = Debug|x86
		{8572235C-B335-40DD-BA5F-9954BEDC4BFC}.Debug|x86.Build.0 = Debug|x86
		{8572235C-B335-40DD-BA5F-9954BEDC4BFC}.Release|ARM.ActiveCfg = Release|ARM
		{8572235C-B335-40DD-BA5F-9954BEDC4BFC}.Release|ARM.Build.0 = Release|ARM
		{8572235C-B335-40DD-BA5F-9954BEDC4BFC}.Release|ARM64.ActiveCfg = Release|ARM64
		{8572235C-B335-40DD-BA5F-9954BEDC4BFC}.Release|ARM64.Build.0 = Release|ARM64
		{8572235C-B335-40DD-BA5F-9954BEDC4BFC}.Release|x64.ActiveCfg = Release|x64
		{8572235C-B335-40DD-BA5F-9954BEDC4BFC}.Release|x64.Build.0 = Release|x64
		{8572235C-B335-40DD-BA5F-9954BEDC4BFC}.Release|x86.ActiveCfg = Release|x86
		{8572235C-B335-40DD-BA5F-9954BEDC4BFC}.Release|x86.Build.0 = Release|x86
		{46B19B64-8CD7-424C-969E-2CDC234DA7A5}.Debug|ARM.ActiveCfg = Debug|ARM
		{46B19B64-8CD7-424C-969E-2CDC234DA7A5}.Debug|ARM.Build.0 = Debug|ARM
		{46B19B64-8CD7-424C-969E-2CDC234DA7A5}.Debug|ARM64.ActiveCfg = Debug|ARM64
		{46B19B64-8CD7-424C-969E-2CDC234DA7A5}.Debug|ARM64.Build.0 = Debug|ARM64
		{46B19B64-8CD7-424C-969E-2CDC234DA7A5}.Debug|x64.ActiveCfg = Debug|x64
		{46B19B64-8CD7-424C-969E-2CDC234DA7A5}.Debug|x64.Build.0 = Debug|x64
		{46B19B64-8CD7-424C-969E-2CDC234DA7A5}.Debug|x86.ActiveCfg = Debug|x86
		{46B19B64-8CD7-424C-969E-2CDC234DA7A5}.Debug|x86.Build.0 = Debug|x86
		{46B19B64-8CD7-424C-969E-2CDC234DA7A5}.Release|ARM.ActiveCfg = Release|ARM
		{46B19B64-8CD7-424C-969E-2CDC234DA7A5}.Release|ARM.Build.0 = Release|ARM
		{46B19B64-8CD7-424C-969E-2CDC234DA7A5}.Release|ARM64.ActiveCfg = Release|ARM64
		{46B19B64-8CD7-424C-969E-2CDC234DA7A5}.Release|ARM64.Build.0 = Release|ARM64
		{46B19B64-8CD7-424C-969E-2CDC234DA7A5}.Release|x64.ActiveCfg = Release|x64
		{46B19B64-8CD7-424C-969E-2CDC234DA7A5}.Release|x64.Build.0 = Release|x64
		{46B19B64-8CD7-424C-969E-2CDC234DA7A5}.Release|x86.ActiveCfg = Release|x86
		{46B19B64-8CD7-424C-969E-2CDC234DA7A5}.Release|x86.Build.0 = Release|x86
		{62D1AE53-E46D-4CD1-91A9-1F1E3EFCF064}.Debug|ARM.ActiveCfg = Debug|ARM
		{62D1AE53-E46D-4CD1-91A9-1F1E3EFCF064}.Debug|ARM.Build.0 = Debug|ARM
		{62D1AE53-E46D-4CD1-91A9-1F1E3EFCF064}.Debug|ARM64.ActiveCfg = Debug|ARM64
		{62D1AE53-E46D-4CD1-91A9-1F1E3EFCF064}.Debug|ARM64.Build.0 = Debug|ARM64
		{62D1AE53-E46D-4CD1-91A9-1F1E3EFCF064}.Debug|x64.ActiveCfg = Debug|x64
		{62D1AE53-E46D-4CD1-91A9-1F1E3EFCF064}.Debug|x64.Build.0 = Debug|x64
		{62D1AE53-E46D-4CD1-91A9-1F1E3EFCF064}.Debug|x86.ActiveCfg = Debug|x86
		{62D1AE53-E46D-4CD1-91A9-1F1E3EFCF064}.Debug|x86.Build.0 = Debug|x86
		{62D1AE53-E46D-4CD1-91A9-1F1E3EFCF064}.Release|ARM.ActiveCfg = Release|ARM
		{62D1AE53-E46D-4CD1-91A9-1F1E3EFCF064}.Release|ARM.Build.0 = Release|ARM
		{62D1AE53-E46D-4CD1-91A9-1F1E3EFCF064}.Release|ARM64.ActiveCfg = Release|ARM64
		{62D1AE53-E46D-4CD1-91A9-1F1E3EFCF064}.Release|ARM64.Build.0 = Release|ARM64
		{62D1AE53-E46D-4CD1-91A9-1F1E3EFCF064}.Release|x64.ActiveCfg = Release|x64
		{62D1AE53-E46D-4CD1-91A9-1F1E3EFCF064}.Release|x64.Build.0 = Release|x64
		{62D1AE53-E46D-4CD1-91A9-1F1E3EFCF064}.Release|x86.ActiveCfg = Release|x86
		{62D1AE53-E46D-4CD1-91A9-1F1E3EFCF064}.Release|x86.Build.0 = Release|x86
		{73973223-5EE8-41CA-8E88-1D60E89A237B}.Debug|ARM.ActiveCfg = Debug|Win32
		{73973223-5EE8-41CA-8E88-1D60E89A237B}.Debug|ARM64.ActiveCfg = Debug|Win32
		{73973223-5EE8-41CA-8E88-1D60E89A237B}.Debug|x64.ActiveCfg = Debug|x64
		{73973223-5EE8-41CA-8E88-1D60E89A237B}.Debug|x64.Build.0 = Debug|x64
		{73973223-5EE8-41CA-8E88-1D60E89A237B}.Debug|x86.ActiveCfg = Debug|Win32
		{73973223-5EE8-41CA-8E88-1D60E89A237B}.Debug|x86.Build.0 = Debug|Win32
		{73973223-5EE8-41CA-8E88-1D60E89A237B}.Release|ARM.ActiveCfg = Release|Win32
		{73973223-5EE8-41CA-8E88-1D60E89A237B}.Release|ARM64.ActiveCfg = Release|Win32
		{73973223-5EE8-41CA-8E88-1D60E89A237B}.Release|x64.ActiveCfg = Release|x64
		{73973223-5EE8-41CA-8E88-1D60E89A237B}.Release|x64.Build.0 = Release|x64
		{73973223-5EE8-41CA-8E88-1D60E89A237B}.Release|x86.ActiveCfg = Release|Win32
		{73973223-5EE8-41CA-8E88-1D60E89A237B}.Release|x86.Build.0 = Release|Win32
		{C0414840-3914-4781-947B-9262E5BA2138}.Debug|ARM.ActiveCfg = Debug|ARM
		{C0414840-3914-4781-947B-9262E5BA2138}.Debug|ARM.Build.0 = Debug|ARM
		{C0414840-3914-4781-947B-9262E5BA2138}.Debug|ARM64.ActiveCfg = Debug|ARM64
		{C0414840-3914-4781-947B-9262E5BA2138}.Debug|ARM64.Build.0 = Debug|ARM64
		{C0414840-3914-4781-947B-9262E5BA2138}.Debug|x64.ActiveCfg = Debug|x64
		{C0414840-3914-4781-947B-9262E5BA2138}.Debug|x64.Build.0 = Debug|x64
		{C0414840-3914-4781-947B-9262E5BA2138}.Debug|x86.ActiveCfg = Debug|x86
		{C0414840-3914-4781-947B-9262E5BA2138}.Debug|x86.Build.0 = Debug|x86
		{C0414840-3914-4781-947B-9262E5BA2138}.Release|ARM.ActiveCfg = Release|ARM
		{C0414840-3914-4781-947B-9262E5BA2138}.Release|ARM.Build.0 = Release|ARM
		{C0414840-3914-4781-947B-9262E5BA2138}.Release|ARM64.ActiveCfg = Release|ARM64
		{C0414840-3914-4781-947B-9262E5BA2138}.Release|ARM64.Build.0 = Release|ARM64
		{C0414840-3914-4781-947B-9262E5BA2138}.Release|x64.ActiveCfg = Release|x64
		{C0414840-3914-4781-947B-9262E5BA2138}.Release|x64.Build.0 = Release|x64
		{C0414840-3914-4781-947B-9262E5BA2138}.Release|x86.ActiveCfg = Release|x86
		{C0414840-3914-4781-947B-9262E5BA2138}.Release|x86.Build.0 = Release|x86
		{31BF8318-85D5-4E81-98D3-04BFD30F062B}.Debug|ARM.ActiveCfg = Debug|Win32
		{31BF8318-85D5-4E81-98D3-04BFD30F062B}.Debug|ARM64.ActiveCfg = Debug|Win32
		{31BF8318-85D5-4E81-98D3-04BFD30F062B}.Debug|x64.ActiveCfg = Debug|x64
		{31BF8318-85D5-4E81-98D3-04BFD30F062B}.Debug|x64.Build.0 = Debug|x64
		{31BF8318-85D5-4E81-98D3-04BFD30F062B}.Debug|x86.ActiveCfg = Debug|Win32
		{31BF8318-85D5-4E81-98D3-04BFD30F062B}.Debug|x86.Build.0 = Debug|Win32
		{31BF8318-85D5-4E81-98D3-04BFD30F062B}.Release|ARM.ActiveCfg = Release|Win32
		{31BF8318-85D5-4E81-98D3-04BFD30F062B}.Release|ARM64.ActiveCfg = Release|Win32
		{31BF8318-85D5-4E81-98D3-04BFD30F062B}.Release|x64.ActiveCfg = Release|x64
		{31BF8318-85D5-4E81-98D3-04BFD30F062B}.Release|x64.Build.0 = Release|x64
		{31BF8318-85D5-4E81-98D3-04BFD30F062B}.Release|x86.ActiveCfg = Release|Win32
		{31BF8318-85D5-4E81-98D3-04BFD30F062B}.Release|x86.Build.0 = Release|Win32
		{CF1FC4EF-E11D-40A8-9107-A1148411B280}.Debug|ARM.ActiveCfg = Debug|Win32
		{CF1FC4EF-E11D-40A8-9107-A1148411B280}.Debug|ARM64.ActiveCfg = Debug|Win32
		{CF1FC4EF-E11D-40A8-9107-A1148411B280}.Debug|x64.ActiveCfg = Debug|x64
		{CF1FC4EF-E11D-40A8-9107-A1148411B280}.Debug|x64.Build.0 = Debug|x64
		{CF1FC4EF-E11D-40A8-9107-A1148411B280}.Debug|x86.ActiveCfg = Debug|Win32
		{CF1FC4EF-E11D-40A8-9107-A1148411B280}.Debug|x86.Build.0 = Debug|Win32
		{CF1FC4EF-E11D-40A8-9107-A1148411B280}.Release|ARM.ActiveCfg = Release|Win32
		{CF1FC4EF-E11D-40A8-9107-A1148411B280}.Release|ARM64.ActiveCfg = Release|Win32
		{CF1FC4EF-E11D-40A8-9107-A1148411B280}.Release|x64.ActiveCfg = Release|x64
		{CF1FC4EF-E11D-40A8-9107-A1148411B280}.Release|x64.Build.0 = Release|x64
		{CF1FC4EF-E11D-40A8-9107-A1148411B280}.Release|x86.ActiveCfg = Release|Win32
		{CF1FC4EF-E11D-40A8-9107-A1148411B280}.Release|x86.Build.0 = Release|Win32
		{ADD84207-F5B2-46F0-9BD9-CE302AE95B45}.Debug|ARM.ActiveCfg = Debug|Win32
		{ADD84207-F5B2-46F0-9BD9-CE302AE95B45}.Debug|ARM64.ActiveCfg = Debug|Win32
		{ADD84207-F5B2-46F0-9BD9-CE302AE95B45}.Debug|x64.ActiveCfg = Debug|x64
		{ADD84207-F5B2-46F0-9BD9-CE302AE95B45}.Debug|x64.Build.0 = Debug|x64
		{ADD84207-F5B2-46F0-9BD9-CE302AE95B45}.Debug|x86.ActiveCfg = Debug|Win32
		{ADD84207-F5B2-46F0-9BD9-CE302AE95B45}.Debug|x86.Build.0 = Debug|Win32
		{ADD84207-F5B2-46F0-9BD9-CE302AE95B45}.Release|ARM.ActiveCfg = Release|Win32
		{ADD84207-F5B2-46F0-9BD9-CE302AE95B45}.Release|ARM64.ActiveCfg = Release|Win32
		{ADD84207-F5B2-46F0-9BD9-CE302AE95B45}.Release|x64.ActiveCfg = Release|x64
		{ADD84207-F5B2-46F0-9BD9-CE302AE95B45}.Release|x64.Build.0 = Release|x64
		{ADD84207-F5B2-46F0-9BD9-CE302AE95B45}.Release|x86.ActiveCfg = Release|Win32
		{ADD84207-F5B2-46F0-9BD9-CE302AE95B45}.Release|x86.Build.0 = Release|Win32
		{77966753-DF43-4201-B7F4-7B184BE77FAD}.Debug|ARM.ActiveCfg = Debug|Win32
		{77966753-DF43-4201-B7F4-7B184BE77FAD}.Debug|ARM64.ActiveCfg = Debug|Win32
		{77966753-DF43-4201-B7F4-7B184BE77FAD}.Debug|x64.ActiveCfg = Debug|x64
		{77966753-DF43-4201-B7F4-7B184BE77FAD}.Debug|x64.Build.0 = Debug|x64
		{77966753-DF43-4201-B7F4-7B184BE77FAD}.Debug|x86.ActiveCfg = Debug|Win32
		{77966753-DF43-4201-B7F4-7B184BE77FAD}.Debug|x86.Build.0 = Debug|Win32
		{77966753-DF43-4201-B7F4-7B184BE77FAD}.Release|ARM.ActiveCfg = Release|Win32
		{77966753-DF43-4201-B7F4-7B184BE77FAD}.Release|ARM64.ActiveCfg = Release|Win32
		{77966753-DF43-4201-B7F4-7B184BE77FAD}.Release|x64.ActiveCfg = Release|x64
		{77966753-DF43-4201-B7F4-7B184BE77FAD}.Release|x64.Build.0 = Release|x64
		{77966753-DF43-4201-B7F4-7B184BE77FAD}.Release|x86.ActiveCfg = Release|Win32
		{77966753-DF43-4201-B7F4-7B184BE77FAD}.Release|x86.Build.0 = Release|Win32
		{CFDE0AD2-F083-4207-A85A-BC75C6559F03}.Debug|ARM.ActiveCfg = Debug|Win32
		{CFDE0AD2-F083-4207-A85A-BC75C6559F03}.Debug|ARM64.ActiveCfg = Debug|Win32
		{CFDE0AD2-F083-4207-A85A-BC75C6559F03}.Debug|x64.ActiveCfg = Debug|x64
		{CFDE0AD2-F083-4207-A85A-BC75C6559F03}.Debug|x64.Build.0 = Debug|x64
		{CFDE0AD2-F083-4207-A85A-BC75C6559F03}.Debug|x86.ActiveCfg = Debug|Win32
		{CFDE0AD2-F083-4207-A85A-BC75C6559F03}.Debug|x86.Build.0 = Debug|Win32
		{CFDE0AD2-F083-4207-A85A-BC75C6559F03}.Release|ARM.ActiveCfg = Release|Win32
		{CFDE0AD2-F083-4207-A85A-BC75C6559F03}.Release|ARM64.ActiveCfg = Release|Win32
		{CFDE0AD2-F083-4207-A85A-BC75C6559F03}.Release|x64.ActiveCfg = Release|x64
		{CFDE0AD2-F083-4207-A85A-BC75C6559F03}.Release|x64.Build.0 = Release|x64
		{CFDE0AD2-F083-4207-A85A-BC75C6559F03}.Release|x86.ActiveCfg = Release|Win32
		{CFDE0AD2-F083-4207-A85A-BC75C6559F03}.Release|x86.Build.0 = Release|Win32
	EndGlobalSection
	GlobalSection(SolutionProperties) = preSolution
		HideSolutionNode = FALSE
	EndGlobalSection
	GlobalSection(NestedProjects) = preSolution
		{B7BE417C-B6C5-4A69-A056-E0CB0C6A344C} = {DCCC7423-A6D8-43C2-84D6-168688997DF7}
		{B7F3A6F1-0359-4427-925D-4A6D1C979B61} = {D51D38D4-FA61-4EB2-9299-78BB768D90B8}
		{F38408B0-8D17-4D2B-AEB4-5FA30B7F6373} = {D51D38D4-FA61-4EB2-9299-78BB768D90B8}
		{293A519C-5BD3-4847-9DAB-C3C39391D48A} = {DCCC7423-A6D8-43C2-84D6-168688997DF7}
		{04EA8A26-9B59-453D-BADB-8EEA1A7F3411} = {DCCC7423-A6D8-43C2-84D6-168688997DF7}
		{42D400C4-186C-4B11-9095-D87E555C4279} = {D51D38D4-FA61-4EB2-9299-78BB768D90B8}
		{03A9401D-CEFF-4F5E-A7B4-FC2A0D9F6C95} = {DCCC7423-A6D8-43C2-84D6-168688997DF7}
		{0A216055-7992-4818-AB1C-A3D0A4317566} = {DCCC7423-A6D8-43C2-84D6-168688997DF7}
		{8572235C-B335-40DD-BA5F-9954BEDC4BFC} = {DCCC7423-A6D8-43C2-84D6-168688997DF7}
		{7D0090A3-D938-4E0E-8411-DAB035C8E641} = {DCCC7423-A6D8-43C2-84D6-168688997DF7}
		{DCCC7423-A6D8-43C2-84D6-168688997DF7} = {47EC381C-D753-4F84-970C-FB4726FB0BC7}
		{46B19B64-8CD7-424C-969E-2CDC234DA7A5} = {14A0E709-3AC6-42AF-AD2A-9EEEDA8DC5E3}
		{A362B2C9-3629-4701-BE16-FB7E28A51CC6} = {14A0E709-3AC6-42AF-AD2A-9EEEDA8DC5E3}
		{62D1AE53-E46D-4CD1-91A9-1F1E3EFCF064} = {14A0E709-3AC6-42AF-AD2A-9EEEDA8DC5E3}
		{73973223-5EE8-41CA-8E88-1D60E89A237B} = {C0D7FB0B-1BE7-4B83-AFE5-6AABD74318A2}
		{8474958A-B1D8-4DFB-AAD4-E819A4CC2B53} = {C0D7FB0B-1BE7-4B83-AFE5-6AABD74318A2}
		{C0414840-3914-4781-947B-9262E5BA2138} = {C0D7FB0B-1BE7-4B83-AFE5-6AABD74318A2}
		{31BF8318-85D5-4E81-98D3-04BFD30F062B} = {14A0E709-3AC6-42AF-AD2A-9EEEDA8DC5E3}
		{CF1FC4EF-E11D-40A8-9107-A1148411B280} = {14A0E709-3AC6-42AF-AD2A-9EEEDA8DC5E3}
		{C0D7FB0B-1BE7-4B83-AFE5-6AABD74318A2} = {47EC381C-D753-4F84-970C-FB4726FB0BC7}
		{14A0E709-3AC6-42AF-AD2A-9EEEDA8DC5E3} = {47EC381C-D753-4F84-970C-FB4726FB0BC7}
		{ADD84207-F5B2-46F0-9BD9-CE302AE95B45} = {24CBDE04-4782-464E-A002-6D38808A220B}
		{77966753-DF43-4201-B7F4-7B184BE77FAD} = {24CBDE04-4782-464E-A002-6D38808A220B}
		{658DE4C9-F7FC-4825-94D7-73E6C8D1F170} = {47EC381C-D753-4F84-970C-FB4726FB0BC7}
		{CFDE0AD2-F083-4207-A85A-BC75C6559F03} = {658DE4C9-F7FC-4825-94D7-73E6C8D1F170}
	EndGlobalSection
	GlobalSection(ExtensibilityGlobals) = postSolution
		SolutionGuid = {5F9E227F-8F40-42A4-B967-E23FBBAAD8A3}
	EndGlobalSection
EndGlobal
