<?xml version="1.0" encoding="utf-8"?>
<Project ToolsVersion="4.0" xmlns="http://schemas.microsoft.com/developer/msbuild/2003">
  <ItemGroup>
    <Filter Include="Resource Files">
      <UniqueIdentifier>{67DA6AB6-F800-4c08-8B7A-83BB121AAD01}</UniqueIdentifier>
      <Extensions>rc;ico;cur;bmp;dlg;rc2;rct;bin;rgs;gif;jpg;jpeg;jpe;resx;tiff;tif;png;wav;mfcribbon-ms</Extensions>
    </Filter>
    <Filter Include="Source Files">
      <UniqueIdentifier>{47fa3cd1-5957-4db5-94db-0723f41d2100}</UniqueIdentifier>
    </Filter>
    <Filter Include="Source Files\Audio">
      <UniqueIdentifier>{1c2ab69a-5a84-405e-9c1f-d558930e76da}</UniqueIdentifier>
    </Filter>
    <Filter Include="Source Files\Network">
      <UniqueIdentifier>{3ccc69b7-34c0-46f1-84cb-dd535d66b643}</UniqueIdentifier>
    </Filter>
    <Filter Include="Source Files\Render">
      <UniqueIdentifier>{840ee3cd-eab6-492e-b4c2-e54e241c2b23}</UniqueIdentifier>
    </Filter>
    <Filter Include="Source Files\Utility">
      <UniqueIdentifier>{34830686-1a99-4cc8-a232-157e9d01c0f6}</UniqueIdentifier>
    </Filter>
    <Filter Include="Source Files\Game">
      <UniqueIdentifier>{357f5be2-2b40-4677-a018-e9ccb77ea492}</UniqueIdentifier>
    </Filter>
    <Filter Include="Source Files\Interface">
      <UniqueIdentifier>{f65214b0-abc8-45ee-9ef7-d3e8207391ff}</UniqueIdentifier>
    </Filter>
    <Filter Include="Cereal">
      <UniqueIdentifier>{61a13c6e-f66f-44ba-b2a1-43a50d51af34}</UniqueIdentifier>
    </Filter>
    <Filter Include="Source Files\Render\Scene">
      <UniqueIdentifier>{e93f5cab-d33b-4c4e-be82-c58de8c3a0f2}</UniqueIdentifier>
    </Filter>
    <Filter Include="Spine">
      <UniqueIdentifier>{a9e6e258-2f83-4621-a11a-6dfead5562d8}</UniqueIdentifier>
    </Filter>
    <Filter Include="Source Files\Editor">
      <UniqueIdentifier>{bc2e2e42-7286-4b0a-bdef-60af206310ca}</UniqueIdentifier>
    </Filter>
    <Filter Include="Source Files\ArtificialIntelligence">
      <UniqueIdentifier>{1b46ac1c-2017-43d3-9a9a-6cf1bbd1b432}</UniqueIdentifier>
    </Filter>
    <Filter Include="Exprtk">
      <UniqueIdentifier>{d16dd761-bb15-4a4b-9f6e-ae35af09da85}</UniqueIdentifier>
    </Filter>
    <Filter Include="Source Files\DiggerGame">
      <UniqueIdentifier>{bd9f64db-e06b-47fe-b175-e8b6f41cd2fd}</UniqueIdentifier>
    </Filter>
    <Filter Include="Source Files\Physics">
      <UniqueIdentifier>{54017387-0f64-47d3-b033-1aea69b96745}</UniqueIdentifier>
    </Filter>
    <Filter Include="Box2D">
      <UniqueIdentifier>{13e6336e-0b3e-4a8e-a7ce-2e6f2a25f84f}</UniqueIdentifier>
    </Filter>
    <Filter Include="Source Files\Game\Instance">
      <UniqueIdentifier>{f11a9f40-3356-4fb3-9b98-fe7892bc842e}</UniqueIdentifier>
    </Filter>
    <Filter Include="Source Files\Game\Interface">
      <UniqueIdentifier>{1041d271-4bba-4703-86d1-688bee82cd20}</UniqueIdentifier>
    </Filter>
    <Filter Include="pqxx">
      <UniqueIdentifier>{795cca5b-4931-4dd8-a382-72e00e2cedac}</UniqueIdentifier>
    </Filter>
    <Filter Include="Chaiscript">
      <UniqueIdentifier>{46e50aa0-7e12-40dd-b6fa-5090ff3258e1}</UniqueIdentifier>
    </Filter>
    <Filter Include="Source Files\Game\NetworkLayer">
      <UniqueIdentifier>{4988f8a3-c401-48d3-a3f5-48e932198ab4}</UniqueIdentifier>
    </Filter>
  </ItemGroup>
  <ItemGroup>
    <ClCompile Include="Source\Audio\sound.cpp">
      <Filter>Source Files\Audio</Filter>
    </ClCompile>
    <ClCompile Include="Source\main.cpp">
      <Filter>Source Files</Filter>
    </ClCompile>
    <ClCompile Include="Source\Render\points.cpp">
      <Filter>Source Files\Render</Filter>
    </ClCompile>
    <ClCompile Include="Source\Render\render.cpp">
      <Filter>Source Files\Render</Filter>
    </ClCompile>
    <ClCompile Include="Source\Render\textures.cpp">
      <Filter>Source Files\Render</Filter>
    </ClCompile>
    <ClCompile Include="Source\Utility\stopwatch.cpp">
      <Filter>Source Files\Utility</Filter>
    </ClCompile>
    <ClCompile Include="Source\Utility\generalUtility.cpp">
      <Filter>Source Files\Utility</Filter>
    </ClCompile>
    <ClCompile Include="Source\Render\matrix.cpp">
      <Filter>Source Files\Render</Filter>
    </ClCompile>
    <ClCompile Include="Source\Network\network.cpp">
      <Filter>Source Files\Network</Filter>
    </ClCompile>
    <ClCompile Include="Source\Interface\mouse.cpp">
      <Filter>Source Files\Interface</Filter>
    </ClCompile>
    <ClCompile Include="Source\Game\game.cpp">
      <Filter>Source Files\Game</Filter>
    </ClCompile>
    <ClCompile Include="Source\Render\boxaabb.cpp">
      <Filter>Source Files\Render</Filter>
    </ClCompile>
    <ClCompile Include="Source\Render\Scene\node.cpp">
      <Filter>Source Files\Render\Scene</Filter>
    </ClCompile>
    <ClCompile Include="Source\Render\Scene\button.cpp">
      <Filter>Source Files\Render\Scene</Filter>
    </ClCompile>
    <ClCompile Include="..\external\gl3w\src\gl3w.c" />
    <ClCompile Include="Source\Render\Scene\text.cpp">
      <Filter>Source Files\Render\Scene</Filter>
    </ClCompile>
    <ClCompile Include="Source\Render\formattedText.cpp">
      <Filter>Source Files\Render</Filter>
    </ClCompile>
    <ClCompile Include="Source\Render\Scene\spineMV.cpp">
      <Filter>Source Files\Render\Scene</Filter>
    </ClCompile>
    <ClCompile Include="Source\Editor\editor.cpp">
      <Filter>Source Files\Editor</Filter>
    </ClCompile>
    <ClCompile Include="Source\Editor\editorControls.cpp">
      <Filter>Source Files\Editor</Filter>
    </ClCompile>
    <ClCompile Include="Source\Editor\editorFactories.cpp">
      <Filter>Source Files\Editor</Filter>
    </ClCompile>
    <ClCompile Include="Source\Render\Scene\emitter.cpp">
      <Filter>Source Files\Render\Scene</Filter>
    </ClCompile>
    <ClCompile Include="Source\Render\Scene\grid.cpp">
      <Filter>Source Files\Render\Scene</Filter>
    </ClCompile>
    <ClCompile Include="Source\Render\Scene\slider.cpp">
      <Filter>Source Files\Render\Scene</Filter>
    </ClCompile>
    <ClCompile Include="Source\Render\texturePacker.cpp">
      <Filter>Source Files\Render</Filter>
    </ClCompile>
    <ClCompile Include="Source\Render\sharedTextures.cpp">
      <Filter>Source Files\Render</Filter>
    </ClCompile>
    <ClCompile Include="Source\Editor\editorSceneGraphPanel.cpp">
      <Filter>Source Files\Editor</Filter>
    </ClCompile>
    <ClCompile Include="Source\Render\Scene\drawable.cpp">
      <Filter>Source Files\Render\Scene</Filter>
    </ClCompile>
    <ClCompile Include="Source\Render\Scene\sprite.cpp">
      <Filter>Source Files\Render\Scene</Filter>
    </ClCompile>
    <ClCompile Include="Source\Render\Scene\clickable.cpp">
      <Filter>Source Files\Render\Scene</Filter>
    </ClCompile>
    <ClCompile Include="Source\Game\building.cpp">
      <Filter>Source Files\Game</Filter>
    </ClCompile>
    <ClCompile Include="Source\ArtificialIntelligence\pathfinding.cpp">
      <Filter>Source Files\ArtificialIntelligence</Filter>
    </ClCompile>
    <ClCompile Include="Source\Editor\editComponents.cpp">
      <Filter>Source Files\Editor</Filter>
    </ClCompile>
    <ClCompile Include="Source\Editor\componentPanels.cpp">
      <Filter>Source Files\Editor</Filter>
    </ClCompile>
    <ClCompile Include="Source\Render\Scene\palette.cpp">
      <Filter>Source Files\Render\Scene</Filter>
    </ClCompile>
    <ClCompile Include="Source\Render\Scene\path.cpp">
      <Filter>Source Files\Render\Scene</Filter>
    </ClCompile>
    <ClCompile Include="Source\DiggerGame\diggerGame.cpp">
      <Filter>Source Files\DiggerGame</Filter>
    </ClCompile>
    <ClCompile Include="..\external\Box2D\Collision\b2BroadPhase.cpp">
      <Filter>Box2D</Filter>
    </ClCompile>
    <ClCompile Include="..\external\Box2D\Collision\b2CollideCircle.cpp">
      <Filter>Box2D</Filter>
    </ClCompile>
    <ClCompile Include="..\external\Box2D\Collision\b2CollideEdge.cpp">
      <Filter>Box2D</Filter>
    </ClCompile>
    <ClCompile Include="..\external\Box2D\Collision\b2CollidePolygon.cpp">
      <Filter>Box2D</Filter>
    </ClCompile>
    <ClCompile Include="..\external\Box2D\Collision\b2Collision.cpp">
      <Filter>Box2D</Filter>
    </ClCompile>
    <ClCompile Include="..\external\Box2D\Collision\b2Distance.cpp">
      <Filter>Box2D</Filter>
    </ClCompile>
    <ClCompile Include="..\external\Box2D\Collision\b2DynamicTree.cpp">
      <Filter>Box2D</Filter>
    </ClCompile>
    <ClCompile Include="..\external\Box2D\Collision\b2TimeOfImpact.cpp">
      <Filter>Box2D</Filter>
    </ClCompile>
    <ClCompile Include="..\external\Box2D\Collision\Shapes\b2ChainShape.cpp">
      <Filter>Box2D</Filter>
    </ClCompile>
    <ClCompile Include="..\external\Box2D\Collision\Shapes\b2CircleShape.cpp">
      <Filter>Box2D</Filter>
    </ClCompile>
    <ClCompile Include="..\external\Box2D\Collision\Shapes\b2EdgeShape.cpp">
      <Filter>Box2D</Filter>
    </ClCompile>
    <ClCompile Include="..\external\Box2D\Collision\Shapes\b2PolygonShape.cpp">
      <Filter>Box2D</Filter>
    </ClCompile>
    <ClCompile Include="..\external\Box2D\Common\b2BlockAllocator.cpp">
      <Filter>Box2D</Filter>
    </ClCompile>
    <ClCompile Include="..\external\Box2D\Common\b2Draw.cpp">
      <Filter>Box2D</Filter>
    </ClCompile>
    <ClCompile Include="..\external\Box2D\Common\b2Math.cpp">
      <Filter>Box2D</Filter>
    </ClCompile>
    <ClCompile Include="..\external\Box2D\Common\b2Settings.cpp">
      <Filter>Box2D</Filter>
    </ClCompile>
    <ClCompile Include="..\external\Box2D\Common\b2StackAllocator.cpp">
      <Filter>Box2D</Filter>
    </ClCompile>
    <ClCompile Include="..\external\Box2D\Common\b2Timer.cpp">
      <Filter>Box2D</Filter>
    </ClCompile>
    <ClCompile Include="..\external\Box2D\Dynamics\b2Body.cpp">
      <Filter>Box2D</Filter>
    </ClCompile>
    <ClCompile Include="..\external\Box2D\Dynamics\b2ContactManager.cpp">
      <Filter>Box2D</Filter>
    </ClCompile>
    <ClCompile Include="..\external\Box2D\Dynamics\b2Fixture.cpp">
      <Filter>Box2D</Filter>
    </ClCompile>
    <ClCompile Include="..\external\Box2D\Dynamics\b2Island.cpp">
      <Filter>Box2D</Filter>
    </ClCompile>
    <ClCompile Include="..\external\Box2D\Dynamics\b2World.cpp">
      <Filter>Box2D</Filter>
    </ClCompile>
    <ClCompile Include="..\external\Box2D\Dynamics\b2WorldCallbacks.cpp">
      <Filter>Box2D</Filter>
    </ClCompile>
    <ClCompile Include="..\external\Box2D\Dynamics\Contacts\b2ChainAndCircleContact.cpp">
      <Filter>Box2D</Filter>
    </ClCompile>
    <ClCompile Include="..\external\Box2D\Dynamics\Contacts\b2ChainAndPolygonContact.cpp">
      <Filter>Box2D</Filter>
    </ClCompile>
    <ClCompile Include="..\external\Box2D\Dynamics\Contacts\b2CircleContact.cpp">
      <Filter>Box2D</Filter>
    </ClCompile>
    <ClCompile Include="..\external\Box2D\Dynamics\Contacts\b2Contact.cpp">
      <Filter>Box2D</Filter>
    </ClCompile>
    <ClCompile Include="..\external\Box2D\Dynamics\Contacts\b2ContactSolver.cpp">
      <Filter>Box2D</Filter>
    </ClCompile>
    <ClCompile Include="..\external\Box2D\Dynamics\Contacts\b2EdgeAndCircleContact.cpp">
      <Filter>Box2D</Filter>
    </ClCompile>
    <ClCompile Include="..\external\Box2D\Dynamics\Contacts\b2EdgeAndPolygonContact.cpp">
      <Filter>Box2D</Filter>
    </ClCompile>
    <ClCompile Include="..\external\Box2D\Dynamics\Contacts\b2PolygonAndCircleContact.cpp">
      <Filter>Box2D</Filter>
    </ClCompile>
    <ClCompile Include="..\external\Box2D\Dynamics\Contacts\b2PolygonContact.cpp">
      <Filter>Box2D</Filter>
    </ClCompile>
    <ClCompile Include="..\external\Box2D\Dynamics\Joints\b2DistanceJoint.cpp">
      <Filter>Box2D</Filter>
    </ClCompile>
    <ClCompile Include="..\external\Box2D\Dynamics\Joints\b2FrictionJoint.cpp">
      <Filter>Box2D</Filter>
    </ClCompile>
    <ClCompile Include="..\external\Box2D\Dynamics\Joints\b2GearJoint.cpp">
      <Filter>Box2D</Filter>
    </ClCompile>
    <ClCompile Include="..\external\Box2D\Dynamics\Joints\b2Joint.cpp">
      <Filter>Box2D</Filter>
    </ClCompile>
    <ClCompile Include="..\external\Box2D\Dynamics\Joints\b2MotorJoint.cpp">
      <Filter>Box2D</Filter>
    </ClCompile>
    <ClCompile Include="..\external\Box2D\Dynamics\Joints\b2MouseJoint.cpp">
      <Filter>Box2D</Filter>
    </ClCompile>
    <ClCompile Include="..\external\Box2D\Dynamics\Joints\b2PrismaticJoint.cpp">
      <Filter>Box2D</Filter>
    </ClCompile>
    <ClCompile Include="..\external\Box2D\Dynamics\Joints\b2PulleyJoint.cpp">
      <Filter>Box2D</Filter>
    </ClCompile>
    <ClCompile Include="..\external\Box2D\Dynamics\Joints\b2RevoluteJoint.cpp">
      <Filter>Box2D</Filter>
    </ClCompile>
    <ClCompile Include="..\external\Box2D\Dynamics\Joints\b2RopeJoint.cpp">
      <Filter>Box2D</Filter>
    </ClCompile>
    <ClCompile Include="..\external\Box2D\Dynamics\Joints\b2WeldJoint.cpp">
      <Filter>Box2D</Filter>
    </ClCompile>
    <ClCompile Include="..\external\Box2D\Dynamics\Joints\b2WheelJoint.cpp">
      <Filter>Box2D</Filter>
    </ClCompile>
    <ClCompile Include="..\external\Box2D\Rope\b2Rope.cpp">
      <Filter>Box2D</Filter>
    </ClCompile>
    <ClCompile Include="Source\Physics\collider.cpp">
      <Filter>Source Files\Physics</Filter>
    </ClCompile>
    <ClCompile Include="Source\Game\wallet.cpp">
      <Filter>Source Files\Game</Filter>
    </ClCompile>
    <ClCompile Include="Source\Game\state.cpp">
      <Filter>Source Files\Game</Filter>
    </ClCompile>
    <ClCompile Include="Source\Game\player.cpp">
      <Filter>Source Files\Game</Filter>
    </ClCompile>
    <ClCompile Include="Source\Game\Instance\gameInstance.cpp">
      <Filter>Source Files\Game\Instance</Filter>
    </ClCompile>
    <ClCompile Include="Source\Utility\chaiscriptStdLib.cpp">
      <Filter>Source Files\Utility</Filter>
    </ClCompile>
    <ClCompile Include="Source\Game\Interface\guiFactories.cpp">
      <Filter>Source Files\Game\Interface</Filter>
    </ClCompile>
    <ClCompile Include="Source\Network\url.cpp">
      <Filter>Source Files\Network</Filter>
    </ClCompile>
    <ClCompile Include="Source\Game\creature.cpp">
      <Filter>Source Files\Game</Filter>
    </ClCompile>
    <ClCompile Include="..\external\libpqxx-4.0.1\src\binarystring.cxx">
      <Filter>pqxx</Filter>
    </ClCompile>
    <ClCompile Include="..\external\libpqxx-4.0.1\src\connection.cxx">
      <Filter>pqxx</Filter>
    </ClCompile>
    <ClCompile Include="..\external\libpqxx-4.0.1\src\connection_base.cxx">
      <Filter>pqxx</Filter>
    </ClCompile>
    <ClCompile Include="..\external\libpqxx-4.0.1\src\cursor.cxx">
      <Filter>pqxx</Filter>
    </ClCompile>
    <ClCompile Include="..\external\libpqxx-4.0.1\src\dbtransaction.cxx">
      <Filter>pqxx</Filter>
    </ClCompile>
    <ClCompile Include="..\external\libpqxx-4.0.1\src\errorhandler.cxx">
      <Filter>pqxx</Filter>
    </ClCompile>
    <ClCompile Include="..\external\libpqxx-4.0.1\src\except.cxx">
      <Filter>pqxx</Filter>
    </ClCompile>
    <ClCompile Include="..\external\libpqxx-4.0.1\src\field.cxx">
      <Filter>pqxx</Filter>
    </ClCompile>
    <ClCompile Include="..\external\libpqxx-4.0.1\src\largeobject.cxx">
      <Filter>pqxx</Filter>
    </ClCompile>
    <ClCompile Include="..\external\libpqxx-4.0.1\src\nontransaction.cxx">
      <Filter>pqxx</Filter>
    </ClCompile>
    <ClCompile Include="..\external\libpqxx-4.0.1\src\notification.cxx">
      <Filter>pqxx</Filter>
    </ClCompile>
    <ClCompile Include="..\external\libpqxx-4.0.1\src\notify-listen.cxx">
      <Filter>pqxx</Filter>
    </ClCompile>
    <ClCompile Include="..\external\libpqxx-4.0.1\src\pipeline.cxx">
      <Filter>pqxx</Filter>
    </ClCompile>
    <ClCompile Include="..\external\libpqxx-4.0.1\src\prepared_statement.cxx">
      <Filter>pqxx</Filter>
    </ClCompile>
    <ClCompile Include="..\external\libpqxx-4.0.1\src\result.cxx">
      <Filter>pqxx</Filter>
    </ClCompile>
    <ClCompile Include="..\external\libpqxx-4.0.1\src\robusttransaction.cxx">
      <Filter>pqxx</Filter>
    </ClCompile>
    <ClCompile Include="..\external\libpqxx-4.0.1\src\statement_parameters.cxx">
      <Filter>pqxx</Filter>
    </ClCompile>
    <ClCompile Include="..\external\libpqxx-4.0.1\src\strconv.cxx">
      <Filter>pqxx</Filter>
    </ClCompile>
    <ClCompile Include="..\external\libpqxx-4.0.1\src\subtransaction.cxx">
      <Filter>pqxx</Filter>
    </ClCompile>
    <ClCompile Include="..\external\libpqxx-4.0.1\src\tablereader.cxx">
      <Filter>pqxx</Filter>
    </ClCompile>
    <ClCompile Include="..\external\libpqxx-4.0.1\src\tablestream.cxx">
      <Filter>pqxx</Filter>
    </ClCompile>
    <ClCompile Include="..\external\libpqxx-4.0.1\src\tablewriter.cxx">
      <Filter>pqxx</Filter>
    </ClCompile>
    <ClCompile Include="..\external\libpqxx-4.0.1\src\transaction.cxx">
      <Filter>pqxx</Filter>
    </ClCompile>
    <ClCompile Include="..\external\libpqxx-4.0.1\src\transaction_base.cxx">
      <Filter>pqxx</Filter>
    </ClCompile>
    <ClCompile Include="..\external\libpqxx-4.0.1\src\tuple.cxx">
      <Filter>pqxx</Filter>
    </ClCompile>
    <ClCompile Include="..\external\libpqxx-4.0.1\src\util.cxx">
      <Filter>pqxx</Filter>
    </ClCompile>
    <ClCompile Include="Source\Utility\sha512.cpp">
      <Filter>Source Files\Utility</Filter>
    </ClCompile>
    <ClCompile Include="Source\Network\download.cpp">
      <Filter>Source Files\Network</Filter>
    </ClCompile>
    <ClCompile Include="Source\Utility\log.cpp">
      <Filter>Source Files\Utility</Filter>
    </ClCompile>
    <ClCompile Include="Source\Render\Scene\stencil.cpp">
      <Filter>Source Files\Render\Scene</Filter>
    </ClCompile>
    <ClCompile Include="Source\Render\Scene\clipped.cpp">
      <Filter>Source Files\Render\Scene</Filter>
    </ClCompile>
    <ClCompile Include="..\external\spine\TransformConstraint.c">
      <Filter>Spine</Filter>
    </ClCompile>
    <ClCompile Include="..\external\spine\TransformConstraintData.c">
      <Filter>Spine</Filter>
    </ClCompile>
    <ClCompile Include="..\external\spine\VertexAttachment.c">
      <Filter>Spine</Filter>
    </ClCompile>
    <ClCompile Include="..\external\spine\Animation.c">
      <Filter>Spine</Filter>
    </ClCompile>
    <ClCompile Include="..\external\spine\AnimationState.c">
      <Filter>Spine</Filter>
    </ClCompile>
    <ClCompile Include="..\external\spine\AnimationStateData.c">
      <Filter>Spine</Filter>
    </ClCompile>
    <ClCompile Include="..\external\spine\Atlas.c">
      <Filter>Spine</Filter>
    </ClCompile>
    <ClCompile Include="..\external\spine\AtlasAttachmentLoader.c">
      <Filter>Spine</Filter>
    </ClCompile>
    <ClCompile Include="..\external\spine\Attachment.c">
      <Filter>Spine</Filter>
    </ClCompile>
    <ClCompile Include="..\external\spine\AttachmentLoader.c">
      <Filter>Spine</Filter>
    </ClCompile>
    <ClCompile Include="..\external\spine\Bone.c">
      <Filter>Spine</Filter>
    </ClCompile>
    <ClCompile Include="..\external\spine\BoneData.c">
      <Filter>Spine</Filter>
    </ClCompile>
    <ClCompile Include="..\external\spine\BoundingBoxAttachment.c">
      <Filter>Spine</Filter>
    </ClCompile>
    <ClCompile Include="..\external\spine\Event.c">
      <Filter>Spine</Filter>
    </ClCompile>
    <ClCompile Include="..\external\spine\EventData.c">
      <Filter>Spine</Filter>
    </ClCompile>
    <ClCompile Include="..\external\spine\extension.c">
      <Filter>Spine</Filter>
    </ClCompile>
    <ClCompile Include="..\external\spine\IkConstraint.c">
      <Filter>Spine</Filter>
    </ClCompile>
    <ClCompile Include="..\external\spine\IkConstraintData.c">
      <Filter>Spine</Filter>
    </ClCompile>
    <ClCompile Include="..\external\spine\Json.c">
      <Filter>Spine</Filter>
    </ClCompile>
    <ClCompile Include="..\external\spine\MeshAttachment.c">
      <Filter>Spine</Filter>
    </ClCompile>
    <ClCompile Include="..\external\spine\PathAttachment.c">
      <Filter>Spine</Filter>
    </ClCompile>
    <ClCompile Include="..\external\spine\PathConstraint.c">
      <Filter>Spine</Filter>
    </ClCompile>
    <ClCompile Include="..\external\spine\PathConstraintData.c">
      <Filter>Spine</Filter>
    </ClCompile>
    <ClCompile Include="..\external\spine\RegionAttachment.c">
      <Filter>Spine</Filter>
    </ClCompile>
    <ClCompile Include="..\external\spine\Skeleton.c">
      <Filter>Spine</Filter>
    </ClCompile>
    <ClCompile Include="..\external\spine\SkeletonBounds.c">
      <Filter>Spine</Filter>
    </ClCompile>
    <ClCompile Include="..\external\spine\SkeletonData.c">
      <Filter>Spine</Filter>
    </ClCompile>
    <ClCompile Include="..\external\spine\SkeletonJson.c">
      <Filter>Spine</Filter>
    </ClCompile>
    <ClCompile Include="..\external\spine\Skin.c">
      <Filter>Spine</Filter>
    </ClCompile>
    <ClCompile Include="..\external\spine\Slot.c">
      <Filter>Spine</Filter>
    </ClCompile>
    <ClCompile Include="..\external\spine\SlotData.c">
      <Filter>Spine</Filter>
    </ClCompile>
    <ClCompile Include="Source\Render\Scene\component.cpp">
      <Filter>Source Files\Render\Scene</Filter>
    </ClCompile>
    <ClCompile Include="Source\Utility\tinyutf8.cpp">
      <Filter>Source Files\Utility</Filter>
    </ClCompile>
    <ClCompile Include="Source\Game\gameEditor.cpp">
      <Filter>Source Files\Game</Filter>
    </ClCompile>
    <ClCompile Include="Source\Render\Scene\scroller.cpp">
      <Filter>Source Files\Render\Scene</Filter>
    </ClCompile>
    <ClCompile Include="Source\Game\Interface\interfaceManager.cpp">
      <Filter>Source Files\Game\Interface</Filter>
    </ClCompile>
    <ClCompile Include="Source\Game\NetworkLayer\accountActions.cpp">
      <Filter>Source Files\Game\NetworkLayer</Filter>
    </ClCompile>
    <ClCompile Include="Source\Game\NetworkLayer\lobbyServer.cpp">
      <Filter>Source Files\Game\NetworkLayer</Filter>
    </ClCompile>
    <ClCompile Include="Source\Game\NetworkLayer\clientActions.cpp">
      <Filter>Source Files\Game\NetworkLayer</Filter>
    </ClCompile>
    <ClCompile Include="Source\Game\NetworkLayer\gameServerActions.cpp">
      <Filter>Source Files\Game\NetworkLayer</Filter>
    </ClCompile>
    <ClCompile Include="Source\Game\managers.cpp">
      <Filter>Source Files\Game</Filter>
    </ClCompile>
    <ClCompile Include="Source\Game\Instance\team.cpp">
      <Filter>Source Files\Game\Instance</Filter>
    </ClCompile>
    <ClCompile Include="Source\Utility\asioThreadPool.cpp">
      <Filter>Source Files\Utility</Filter>
    </ClCompile>
  </ItemGroup>
  <ItemGroup>
    <ClInclude Include="Source\Audio\package.h">
      <Filter>Source Files\Audio</Filter>
    </ClInclude>
    <ClInclude Include="Source\Audio\sound.h">
      <Filter>Source Files\Audio</Filter>
    </ClInclude>
    <ClInclude Include="Source\Render\package.h">
      <Filter>Source Files\Render</Filter>
    </ClInclude>
    <ClInclude Include="Source\Render\points.h">
      <Filter>Source Files\Render</Filter>
    </ClInclude>
    <ClInclude Include="Source\Render\render.h">
      <Filter>Source Files\Render</Filter>
    </ClInclude>
    <ClInclude Include="Source\Render\textures.h">
      <Filter>Source Files\Render</Filter>
    </ClInclude>
    <ClInclude Include="Source\Utility\package.h">
      <Filter>Source Files\Utility</Filter>
    </ClInclude>
    <ClInclude Include="Source\Utility\stopwatch.h">
      <Filter>Source Files\Utility</Filter>
    </ClInclude>
    <ClInclude Include="Source\Utility\generalUtility.h">
      <Filter>Source Files\Utility</Filter>
    </ClInclude>
    <ClInclude Include="Source\Render\matrix.h">
      <Filter>Source Files\Render</Filter>
    </ClInclude>
    <ClInclude Include="Source\Network\network.h">
      <Filter>Source Files\Network</Filter>
    </ClInclude>
    <ClInclude Include="Source\Utility\scopeGuard.hpp">
      <Filter>Source Files\Utility</Filter>
    </ClInclude>
    <ClInclude Include="Source\Interface\package.h">
      <Filter>Source Files\Interface</Filter>
    </ClInclude>
    <ClInclude Include="Source\Interface\mouse.h">
      <Filter>Source Files\Interface</Filter>
    </ClInclude>
    <ClInclude Include="Source\Game\game.h">
      <Filter>Source Files\Game</Filter>
    </ClInclude>
    <ClInclude Include="Source\Render\boxaabb.h">
      <Filter>Source Files\Render</Filter>
    </ClInclude>
    <ClInclude Include="Source\Render\Scene\button.h">
      <Filter>Source Files\Render\Scene</Filter>
    </ClInclude>
    <ClInclude Include="Source\Render\Scene\node.h">
      <Filter>Source Files\Render\Scene</Filter>
    </ClInclude>
    <ClInclude Include="Source\Render\Scene\package.h">
      <Filter>Source Files\Render\Scene</Filter>
    </ClInclude>
    <ClInclude Include="Source\Render\Scene\text.h">
      <Filter>Source Files\Render\Scene</Filter>
    </ClInclude>
    <ClInclude Include="Source\Render\formattedText.h">
      <Filter>Source Files\Render</Filter>
    </ClInclude>
    <ClInclude Include="Source\Render\Scene\spineMV.h">
      <Filter>Source Files\Render\Scene</Filter>
    </ClInclude>
    <ClInclude Include="Source\Editor\editor.h">
      <Filter>Source Files\Editor</Filter>
    </ClInclude>
    <ClInclude Include="Source\Editor\editorControls.h">
      <Filter>Source Files\Editor</Filter>
    </ClInclude>
    <ClInclude Include="Source\Editor\editorDefines.h">
      <Filter>Source Files\Editor</Filter>
    </ClInclude>
    <ClInclude Include="Source\Editor\editorFactories.h">
      <Filter>Source Files\Editor</Filter>
    </ClInclude>
    <ClInclude Include="Source\Render\Scene\emitter.h">
      <Filter>Source Files\Render\Scene</Filter>
    </ClInclude>
    <ClInclude Include="Source\Render\Scene\grid.h">
      <Filter>Source Files\Render\Scene</Filter>
    </ClInclude>
    <ClInclude Include="Source\Render\Scene\slider.h">
      <Filter>Source Files\Render\Scene</Filter>
    </ClInclude>
    <ClInclude Include="Source\Utility\require.hpp">
      <Filter>Source Files\Utility</Filter>
    </ClInclude>
    <ClInclude Include="Source\Utility\task.hpp">
      <Filter>Source Files\Utility</Filter>
    </ClInclude>
    <ClInclude Include="Source\Render\texturePacker.h">
      <Filter>Source Files\Render</Filter>
    </ClInclude>
    <ClInclude Include="Source\Utility\optionalCalls.hpp">
      <Filter>Source Files\Utility</Filter>
    </ClInclude>
    <ClInclude Include="Source\Render\sharedTextures.h">
      <Filter>Source Files\Render</Filter>
    </ClInclude>
    <ClInclude Include="Source\Editor\editorSceneGraphPanel.h">
      <Filter>Source Files\Editor</Filter>
    </ClInclude>
    <ClInclude Include="Source\Render\Scene\drawable.h">
      <Filter>Source Files\Render\Scene</Filter>
    </ClInclude>
    <ClInclude Include="Source\Render\Scene\sprite.h">
      <Filter>Source Files\Render\Scene</Filter>
    </ClInclude>
    <ClInclude Include="Source\Render\Scene\clickable.h">
      <Filter>Source Files\Render\Scene</Filter>
    </ClInclude>
    <ClInclude Include="Source\Game\building.h">
      <Filter>Source Files\Game</Filter>
    </ClInclude>
    <ClInclude Include="Source\ArtificialIntelligence\pathfinding.h">
      <Filter>Source Files\ArtificialIntelligence</Filter>
    </ClInclude>
    <ClInclude Include="Source\Game\gameEditor.h">
      <Filter>Source Files\Game</Filter>
    </ClInclude>
    <ClInclude Include="Source\Editor\editComponents.h">
      <Filter>Source Files\Editor</Filter>
    </ClInclude>
    <ClInclude Include="Source\Editor\componentPanels.h">
      <Filter>Source Files\Editor</Filter>
    </ClInclude>
    <ClInclude Include="Source\Editor\texturePicker.h">
      <Filter>Source Files\Editor</Filter>
    </ClInclude>
    <ClInclude Include="Source\Render\Scene\palette.h">
      <Filter>Source Files\Render\Scene</Filter>
    </ClInclude>
    <ClInclude Include="..\external\exprtk\exprtk.hpp">
      <Filter>Exprtk</Filter>
    </ClInclude>
    <ClInclude Include="Source\Render\Scene\path.h">
      <Filter>Source Files\Render\Scene</Filter>
    </ClInclude>
    <ClInclude Include="Source\Network\package.h">
      <Filter>Source Files\Network</Filter>
    </ClInclude>
    <ClInclude Include="Source\DiggerGame\diggerGame.h">
      <Filter>Source Files\DiggerGame</Filter>
    </ClInclude>
    <ClInclude Include="..\external\cereal\include\cereal\macros.hpp">
      <Filter>Cereal</Filter>
    </ClInclude>
    <ClInclude Include="..\external\cereal\include\cereal\archives\adapters.hpp">
      <Filter>Cereal</Filter>
    </ClInclude>
    <ClInclude Include="..\external\cereal\include\cereal\archives\binary.hpp">
      <Filter>Cereal</Filter>
    </ClInclude>
    <ClInclude Include="..\external\cereal\include\cereal\archives\json.hpp">
      <Filter>Cereal</Filter>
    </ClInclude>
    <ClInclude Include="..\external\cereal\include\cereal\archives\portable_binary.hpp">
      <Filter>Cereal</Filter>
    </ClInclude>
    <ClInclude Include="..\external\cereal\include\cereal\archives\xml.hpp">
      <Filter>Cereal</Filter>
    </ClInclude>
    <ClInclude Include="..\external\cereal\include\cereal\concepts\pair_associative_container.hpp">
      <Filter>Cereal</Filter>
    </ClInclude>
    <ClInclude Include="..\external\cereal\include\cereal\details\helpers.hpp">
      <Filter>Cereal</Filter>
    </ClInclude>
    <ClInclude Include="..\external\cereal\include\cereal\details\polymorphic_impl.hpp">
      <Filter>Cereal</Filter>
    </ClInclude>
    <ClInclude Include="..\external\cereal\include\cereal\details\static_object.hpp">
      <Filter>Cereal</Filter>
    </ClInclude>
    <ClInclude Include="..\external\cereal\include\cereal\details\traits.hpp">
      <Filter>Cereal</Filter>
    </ClInclude>
    <ClInclude Include="..\external\cereal\include\cereal\details\util.hpp">
      <Filter>Cereal</Filter>
    </ClInclude>
    <ClInclude Include="..\external\cereal\include\cereal\external\base64.hpp">
      <Filter>Cereal</Filter>
    </ClInclude>
    <ClInclude Include="..\external\cereal\include\cereal\external\rapidjson\document.h">
      <Filter>Cereal</Filter>
    </ClInclude>
    <ClInclude Include="..\external\cereal\include\cereal\external\rapidjson\filestream.h">
      <Filter>Cereal</Filter>
    </ClInclude>
    <ClInclude Include="..\external\cereal\include\cereal\external\rapidjson\genericstream.h">
      <Filter>Cereal</Filter>
    </ClInclude>
    <ClInclude Include="..\external\cereal\include\cereal\external\rapidjson\internal\pow10.h">
      <Filter>Cereal</Filter>
    </ClInclude>
    <ClInclude Include="..\external\cereal\include\cereal\external\rapidjson\internal\stack.h">
      <Filter>Cereal</Filter>
    </ClInclude>
    <ClInclude Include="..\external\cereal\include\cereal\external\rapidjson\internal\strfunc.h">
      <Filter>Cereal</Filter>
    </ClInclude>
    <ClInclude Include="..\external\cereal\include\cereal\external\rapidjson\prettywriter.h">
      <Filter>Cereal</Filter>
    </ClInclude>
    <ClInclude Include="..\external\cereal\include\cereal\external\rapidjson\rapidjson.h">
      <Filter>Cereal</Filter>
    </ClInclude>
    <ClInclude Include="..\external\cereal\include\cereal\external\rapidjson\reader.h">
      <Filter>Cereal</Filter>
    </ClInclude>
    <ClInclude Include="..\external\cereal\include\cereal\external\rapidjson\stringbuffer.h">
      <Filter>Cereal</Filter>
    </ClInclude>
    <ClInclude Include="..\external\cereal\include\cereal\external\rapidjson\writer.h">
      <Filter>Cereal</Filter>
    </ClInclude>
    <ClInclude Include="..\external\cereal\include\cereal\external\rapidxml\rapidxml.hpp">
      <Filter>Cereal</Filter>
    </ClInclude>
    <ClInclude Include="..\external\cereal\include\cereal\external\rapidxml\rapidxml_iterators.hpp">
      <Filter>Cereal</Filter>
    </ClInclude>
    <ClInclude Include="..\external\cereal\include\cereal\external\rapidxml\rapidxml_print.hpp">
      <Filter>Cereal</Filter>
    </ClInclude>
    <ClInclude Include="..\external\cereal\include\cereal\external\rapidxml\rapidxml_utils.hpp">
      <Filter>Cereal</Filter>
    </ClInclude>
    <ClInclude Include="..\external\cereal\include\cereal\types\array.hpp">
      <Filter>Cereal</Filter>
    </ClInclude>
    <ClInclude Include="..\external\cereal\include\cereal\types\base_class.hpp">
      <Filter>Cereal</Filter>
    </ClInclude>
    <ClInclude Include="..\external\cereal\include\cereal\types\bitset.hpp">
      <Filter>Cereal</Filter>
    </ClInclude>
    <ClInclude Include="..\external\cereal\include\cereal\types\boost_variant.hpp">
      <Filter>Cereal</Filter>
    </ClInclude>
    <ClInclude Include="..\external\cereal\include\cereal\types\chrono.hpp">
      <Filter>Cereal</Filter>
    </ClInclude>
    <ClInclude Include="..\external\cereal\include\cereal\types\common.hpp">
      <Filter>Cereal</Filter>
    </ClInclude>
    <ClInclude Include="..\external\cereal\include\cereal\types\complex.hpp">
      <Filter>Cereal</Filter>
    </ClInclude>
    <ClInclude Include="..\external\cereal\include\cereal\types\deque.hpp">
      <Filter>Cereal</Filter>
    </ClInclude>
    <ClInclude Include="..\external\cereal\include\cereal\types\forward_list.hpp">
      <Filter>Cereal</Filter>
    </ClInclude>
    <ClInclude Include="..\external\cereal\include\cereal\types\list.hpp">
      <Filter>Cereal</Filter>
    </ClInclude>
    <ClInclude Include="..\external\cereal\include\cereal\types\map.hpp">
      <Filter>Cereal</Filter>
    </ClInclude>
    <ClInclude Include="..\external\cereal\include\cereal\types\memory.hpp">
      <Filter>Cereal</Filter>
    </ClInclude>
    <ClInclude Include="..\external\cereal\include\cereal\types\polymorphic.hpp">
      <Filter>Cereal</Filter>
    </ClInclude>
    <ClInclude Include="..\external\cereal\include\cereal\types\queue.hpp">
      <Filter>Cereal</Filter>
    </ClInclude>
    <ClInclude Include="..\external\cereal\include\cereal\types\set.hpp">
      <Filter>Cereal</Filter>
    </ClInclude>
    <ClInclude Include="..\external\cereal\include\cereal\types\stack.hpp">
      <Filter>Cereal</Filter>
    </ClInclude>
    <ClInclude Include="..\external\cereal\include\cereal\types\string.hpp">
      <Filter>Cereal</Filter>
    </ClInclude>
    <ClInclude Include="..\external\cereal\include\cereal\types\tuple.hpp">
      <Filter>Cereal</Filter>
    </ClInclude>
    <ClInclude Include="..\external\cereal\include\cereal\types\unordered_map.hpp">
      <Filter>Cereal</Filter>
    </ClInclude>
    <ClInclude Include="..\external\cereal\include\cereal\types\unordered_set.hpp">
      <Filter>Cereal</Filter>
    </ClInclude>
    <ClInclude Include="..\external\cereal\include\cereal\types\utility.hpp">
      <Filter>Cereal</Filter>
    </ClInclude>
    <ClInclude Include="..\external\cereal\include\cereal\types\valarray.hpp">
      <Filter>Cereal</Filter>
    </ClInclude>
    <ClInclude Include="..\external\cereal\include\cereal\types\vector.hpp">
      <Filter>Cereal</Filter>
    </ClInclude>
    <ClInclude Include="..\external\cereal\include\cereal\access.hpp">
      <Filter>Cereal</Filter>
    </ClInclude>
    <ClInclude Include="..\external\cereal\include\cereal\cereal.hpp">
      <Filter>Cereal</Filter>
    </ClInclude>
    <ClInclude Include="Source\Physics\package.h">
      <Filter>Source Files\Physics</Filter>
    </ClInclude>
    <ClInclude Include="..\external\Box2D\Box2D.h">
      <Filter>Box2D</Filter>
    </ClInclude>
    <ClInclude Include="..\external\Box2D\Collision\b2BroadPhase.h">
      <Filter>Box2D</Filter>
    </ClInclude>
    <ClInclude Include="..\external\Box2D\Collision\b2Collision.h">
      <Filter>Box2D</Filter>
    </ClInclude>
    <ClInclude Include="..\external\Box2D\Collision\b2Distance.h">
      <Filter>Box2D</Filter>
    </ClInclude>
    <ClInclude Include="..\external\Box2D\Collision\b2DynamicTree.h">
      <Filter>Box2D</Filter>
    </ClInclude>
    <ClInclude Include="..\external\Box2D\Collision\b2TimeOfImpact.h">
      <Filter>Box2D</Filter>
    </ClInclude>
    <ClInclude Include="..\external\Box2D\Collision\Shapes\b2ChainShape.h">
      <Filter>Box2D</Filter>
    </ClInclude>
    <ClInclude Include="..\external\Box2D\Collision\Shapes\b2CircleShape.h">
      <Filter>Box2D</Filter>
    </ClInclude>
    <ClInclude Include="..\external\Box2D\Collision\Shapes\b2EdgeShape.h">
      <Filter>Box2D</Filter>
    </ClInclude>
    <ClInclude Include="..\external\Box2D\Collision\Shapes\b2PolygonShape.h">
      <Filter>Box2D</Filter>
    </ClInclude>
    <ClInclude Include="..\external\Box2D\Collision\Shapes\b2Shape.h">
      <Filter>Box2D</Filter>
    </ClInclude>
    <ClInclude Include="..\external\Box2D\Common\b2BlockAllocator.h">
      <Filter>Box2D</Filter>
    </ClInclude>
    <ClInclude Include="..\external\Box2D\Common\b2Draw.h">
      <Filter>Box2D</Filter>
    </ClInclude>
    <ClInclude Include="..\external\Box2D\Common\b2GrowableStack.h">
      <Filter>Box2D</Filter>
    </ClInclude>
    <ClInclude Include="..\external\Box2D\Common\b2Math.h">
      <Filter>Box2D</Filter>
    </ClInclude>
    <ClInclude Include="..\external\Box2D\Common\b2Settings.h">
      <Filter>Box2D</Filter>
    </ClInclude>
    <ClInclude Include="..\external\Box2D\Common\b2StackAllocator.h">
      <Filter>Box2D</Filter>
    </ClInclude>
    <ClInclude Include="..\external\Box2D\Common\b2Timer.h">
      <Filter>Box2D</Filter>
    </ClInclude>
    <ClInclude Include="..\external\Box2D\Dynamics\b2Body.h">
      <Filter>Box2D</Filter>
    </ClInclude>
    <ClInclude Include="..\external\Box2D\Dynamics\b2ContactManager.h">
      <Filter>Box2D</Filter>
    </ClInclude>
    <ClInclude Include="..\external\Box2D\Dynamics\b2Fixture.h">
      <Filter>Box2D</Filter>
    </ClInclude>
    <ClInclude Include="..\external\Box2D\Dynamics\b2Island.h">
      <Filter>Box2D</Filter>
    </ClInclude>
    <ClInclude Include="..\external\Box2D\Dynamics\b2TimeStep.h">
      <Filter>Box2D</Filter>
    </ClInclude>
    <ClInclude Include="..\external\Box2D\Dynamics\b2World.h">
      <Filter>Box2D</Filter>
    </ClInclude>
    <ClInclude Include="..\external\Box2D\Dynamics\b2WorldCallbacks.h">
      <Filter>Box2D</Filter>
    </ClInclude>
    <ClInclude Include="..\external\Box2D\Dynamics\Contacts\b2ChainAndCircleContact.h">
      <Filter>Box2D</Filter>
    </ClInclude>
    <ClInclude Include="..\external\Box2D\Dynamics\Contacts\b2ChainAndPolygonContact.h">
      <Filter>Box2D</Filter>
    </ClInclude>
    <ClInclude Include="..\external\Box2D\Dynamics\Contacts\b2CircleContact.h">
      <Filter>Box2D</Filter>
    </ClInclude>
    <ClInclude Include="..\external\Box2D\Dynamics\Contacts\b2Contact.h">
      <Filter>Box2D</Filter>
    </ClInclude>
    <ClInclude Include="..\external\Box2D\Dynamics\Contacts\b2ContactSolver.h">
      <Filter>Box2D</Filter>
    </ClInclude>
    <ClInclude Include="..\external\Box2D\Dynamics\Contacts\b2EdgeAndCircleContact.h">
      <Filter>Box2D</Filter>
    </ClInclude>
    <ClInclude Include="..\external\Box2D\Dynamics\Contacts\b2EdgeAndPolygonContact.h">
      <Filter>Box2D</Filter>
    </ClInclude>
    <ClInclude Include="..\external\Box2D\Dynamics\Contacts\b2PolygonAndCircleContact.h">
      <Filter>Box2D</Filter>
    </ClInclude>
    <ClInclude Include="..\external\Box2D\Dynamics\Contacts\b2PolygonContact.h">
      <Filter>Box2D</Filter>
    </ClInclude>
    <ClInclude Include="..\external\Box2D\Dynamics\Joints\b2DistanceJoint.h">
      <Filter>Box2D</Filter>
    </ClInclude>
    <ClInclude Include="..\external\Box2D\Dynamics\Joints\b2FrictionJoint.h">
      <Filter>Box2D</Filter>
    </ClInclude>
    <ClInclude Include="..\external\Box2D\Dynamics\Joints\b2GearJoint.h">
      <Filter>Box2D</Filter>
    </ClInclude>
    <ClInclude Include="..\external\Box2D\Dynamics\Joints\b2Joint.h">
      <Filter>Box2D</Filter>
    </ClInclude>
    <ClInclude Include="..\external\Box2D\Dynamics\Joints\b2MotorJoint.h">
      <Filter>Box2D</Filter>
    </ClInclude>
    <ClInclude Include="..\external\Box2D\Dynamics\Joints\b2MouseJoint.h">
      <Filter>Box2D</Filter>
    </ClInclude>
    <ClInclude Include="..\external\Box2D\Dynamics\Joints\b2PrismaticJoint.h">
      <Filter>Box2D</Filter>
    </ClInclude>
    <ClInclude Include="..\external\Box2D\Dynamics\Joints\b2PulleyJoint.h">
      <Filter>Box2D</Filter>
    </ClInclude>
    <ClInclude Include="..\external\Box2D\Dynamics\Joints\b2RevoluteJoint.h">
      <Filter>Box2D</Filter>
    </ClInclude>
    <ClInclude Include="..\external\Box2D\Dynamics\Joints\b2RopeJoint.h">
      <Filter>Box2D</Filter>
    </ClInclude>
    <ClInclude Include="..\external\Box2D\Dynamics\Joints\b2WeldJoint.h">
      <Filter>Box2D</Filter>
    </ClInclude>
    <ClInclude Include="..\external\Box2D\Dynamics\Joints\b2WheelJoint.h">
      <Filter>Box2D</Filter>
    </ClInclude>
    <ClInclude Include="..\external\Box2D\Rope\b2Rope.h">
      <Filter>Box2D</Filter>
    </ClInclude>
    <ClInclude Include="Source\Physics\collider.h">
      <Filter>Source Files\Physics</Filter>
    </ClInclude>
    <ClInclude Include="Source\Game\wallet.h">
      <Filter>Source Files\Game</Filter>
    </ClInclude>
    <ClInclude Include="Source\Game\player.h">
      <Filter>Source Files\Game</Filter>
    </ClInclude>
    <ClInclude Include="Source\Game\state.h">
      <Filter>Source Files\Game</Filter>
    </ClInclude>
    <ClInclude Include="Source\Game\Instance\gameInstance.h">
      <Filter>Source Files\Game\Instance</Filter>
    </ClInclude>
    <ClInclude Include="Source\Utility\chaiscriptStdLib.h">
      <Filter>Source Files\Utility</Filter>
    </ClInclude>
    <ClInclude Include="Source\Game\Interface\guiFactories.h">
      <Filter>Source Files\Game\Interface</Filter>
    </ClInclude>
    <ClInclude Include="Source\Network\url.h">
      <Filter>Source Files\Network</Filter>
    </ClInclude>
    <ClInclude Include="Source\Network\download.h">
      <Filter>Source Files\Network</Filter>
    </ClInclude>
    <ClInclude Include="Source\Game\creature.h">
      <Filter>Source Files\Game</Filter>
    </ClInclude>
    <ClInclude Include="Source\Network\email.h">
      <Filter>Source Files\Network</Filter>
    </ClInclude>
    <ClInclude Include="Source\Utility\sha512.h">
      <Filter>Source Files\Utility</Filter>
    </ClInclude>
    <ClInclude Include="Source\Utility\cerealUtility.h">
      <Filter>Source Files\Utility</Filter>
    </ClInclude>
    <ClInclude Include="Source\Utility\log.h">
      <Filter>Source Files\Utility</Filter>
    </ClInclude>
    <ClInclude Include="Source\Render\Scene\stencil.h">
      <Filter>Source Files\Render\Scene</Filter>
    </ClInclude>
    <ClInclude Include="Source\Render\Scene\clipped.h">
      <Filter>Source Files\Render\Scene</Filter>
    </ClInclude>
    <ClInclude Include="..\external\spine\TransformConstraint.h">
      <Filter>Spine</Filter>
    </ClInclude>
    <ClInclude Include="..\external\spine\TransformConstraintData.h">
      <Filter>Spine</Filter>
    </ClInclude>
    <ClInclude Include="..\external\spine\VertexAttachment.h">
      <Filter>Spine</Filter>
    </ClInclude>
    <ClInclude Include="..\external\spine\Animation.h">
      <Filter>Spine</Filter>
    </ClInclude>
    <ClInclude Include="..\external\spine\AnimationState.h">
      <Filter>Spine</Filter>
    </ClInclude>
    <ClInclude Include="..\external\spine\AnimationStateData.h">
      <Filter>Spine</Filter>
    </ClInclude>
    <ClInclude Include="..\external\spine\Atlas.h">
      <Filter>Spine</Filter>
    </ClInclude>
    <ClInclude Include="..\external\spine\AtlasAttachmentLoader.h">
      <Filter>Spine</Filter>
    </ClInclude>
    <ClInclude Include="..\external\spine\Attachment.h">
      <Filter>Spine</Filter>
    </ClInclude>
    <ClInclude Include="..\external\spine\AttachmentLoader.h">
      <Filter>Spine</Filter>
    </ClInclude>
    <ClInclude Include="..\external\spine\Bone.h">
      <Filter>Spine</Filter>
    </ClInclude>
    <ClInclude Include="..\external\spine\BoneData.h">
      <Filter>Spine</Filter>
    </ClInclude>
    <ClInclude Include="..\external\spine\BoundingBoxAttachment.h">
      <Filter>Spine</Filter>
    </ClInclude>
    <ClInclude Include="..\external\spine\Event.h">
      <Filter>Spine</Filter>
    </ClInclude>
    <ClInclude Include="..\external\spine\EventData.h">
      <Filter>Spine</Filter>
    </ClInclude>
    <ClInclude Include="..\external\spine\extension.h">
      <Filter>Spine</Filter>
    </ClInclude>
    <ClInclude Include="..\external\spine\IkConstraint.h">
      <Filter>Spine</Filter>
    </ClInclude>
    <ClInclude Include="..\external\spine\IkConstraintData.h">
      <Filter>Spine</Filter>
    </ClInclude>
    <ClInclude Include="..\external\spine\Json.h">
      <Filter>Spine</Filter>
    </ClInclude>
    <ClInclude Include="..\external\spine\MeshAttachment.h">
      <Filter>Spine</Filter>
    </ClInclude>
    <ClInclude Include="..\external\spine\PathAttachment.h">
      <Filter>Spine</Filter>
    </ClInclude>
    <ClInclude Include="..\external\spine\PathConstraint.h">
      <Filter>Spine</Filter>
    </ClInclude>
    <ClInclude Include="..\external\spine\PathConstraintData.h">
      <Filter>Spine</Filter>
    </ClInclude>
    <ClInclude Include="..\external\spine\RegionAttachment.h">
      <Filter>Spine</Filter>
    </ClInclude>
    <ClInclude Include="..\external\spine\Skeleton.h">
      <Filter>Spine</Filter>
    </ClInclude>
    <ClInclude Include="..\external\spine\SkeletonBounds.h">
      <Filter>Spine</Filter>
    </ClInclude>
    <ClInclude Include="..\external\spine\SkeletonData.h">
      <Filter>Spine</Filter>
    </ClInclude>
    <ClInclude Include="..\external\spine\SkeletonJson.h">
      <Filter>Spine</Filter>
    </ClInclude>
    <ClInclude Include="..\external\spine\Skin.h">
      <Filter>Spine</Filter>
    </ClInclude>
    <ClInclude Include="..\external\spine\Slot.h">
      <Filter>Spine</Filter>
    </ClInclude>
    <ClInclude Include="..\external\spine\SlotData.h">
      <Filter>Spine</Filter>
    </ClInclude>
    <ClInclude Include="..\external\spine\spine.h">
      <Filter>Spine</Filter>
    </ClInclude>
    <ClInclude Include="Source\Render\Scene\component.h">
      <Filter>Source Files\Render\Scene</Filter>
    </ClInclude>
    <ClInclude Include="Source\Editor\anchorEditor.h">
      <Filter>Source Files\Editor</Filter>
    </ClInclude>
    <ClInclude Include="Source\Utility\tinyutf8.h">
      <Filter>Source Files\Utility</Filter>
    </ClInclude>
    <ClInclude Include="Source\Utility\tupleHelpers.hpp">
      <Filter>Source Files\Utility</Filter>
    </ClInclude>
    <ClInclude Include="Source\Utility\signal.hpp">
      <Filter>Source Files\Utility</Filter>
    </ClInclude>
    <ClInclude Include="Source\Utility\visitor.hpp">
      <Filter>Source Files\Utility</Filter>
    </ClInclude>
    <ClInclude Include="Source\Render\Scene\scroller.h">
      <Filter>Source Files\Render\Scene</Filter>
    </ClInclude>
    <ClInclude Include="Source\Game\Interface\interfaceManager.h">
      <Filter>Source Files\Game\Interface</Filter>
    </ClInclude>
    <ClInclude Include="Source\Utility\chaiscriptUtility.h">
      <Filter>Source Files\Utility</Filter>
    </ClInclude>
    <ClInclude Include="Source\Game\NetworkLayer\lobbyServer.h">
      <Filter>Source Files\Game\NetworkLayer</Filter>
    </ClInclude>
    <ClInclude Include="Source\Game\NetworkLayer\package.h">
      <Filter>Source Files\Game\NetworkLayer</Filter>
    </ClInclude>
    <ClInclude Include="Source\Game\NetworkLayer\serverActions.h">
      <Filter>Source Files\Game\NetworkLayer</Filter>
    </ClInclude>
    <ClInclude Include="Source\Game\NetworkLayer\accountActions.h">
      <Filter>Source Files\Game\NetworkLayer</Filter>
    </ClInclude>
    <ClInclude Include="Source\Game\NetworkLayer\clientActions.h">
      <Filter>Source Files\Game\NetworkLayer</Filter>
    </ClInclude>
    <ClInclude Include="..\external\ChaiScript-5.8.5\include\chaiscript\chaiscript_threading.hpp">
      <Filter>Chaiscript</Filter>
    </ClInclude>
    <ClInclude Include="..\external\ChaiScript-5.8.5\include\chaiscript\dispatchkit\any.hpp">
      <Filter>Chaiscript</Filter>
    </ClInclude>
    <ClInclude Include="..\external\ChaiScript-5.8.5\include\chaiscript\dispatchkit\bad_boxed_cast.hpp">
      <Filter>Chaiscript</Filter>
    </ClInclude>
    <ClInclude Include="..\external\ChaiScript-5.8.5\include\chaiscript\dispatchkit\bind_first.hpp">
      <Filter>Chaiscript</Filter>
    </ClInclude>
    <ClInclude Include="..\external\ChaiScript-5.8.5\include\chaiscript\dispatchkit\bootstrap.hpp">
      <Filter>Chaiscript</Filter>
    </ClInclude>
    <ClInclude Include="..\external\ChaiScript-5.8.5\include\chaiscript\dispatchkit\bootstrap_stl.hpp">
      <Filter>Chaiscript</Filter>
    </ClInclude>
    <ClInclude Include="..\external\ChaiScript-5.8.5\include\chaiscript\dispatchkit\boxed_cast.hpp">
      <Filter>Chaiscript</Filter>
    </ClInclude>
    <ClInclude Include="..\external\ChaiScript-5.8.5\include\chaiscript\dispatchkit\boxed_cast_helper.hpp">
      <Filter>Chaiscript</Filter>
    </ClInclude>
    <ClInclude Include="..\external\ChaiScript-5.8.5\include\chaiscript\dispatchkit\boxed_number.hpp">
      <Filter>Chaiscript</Filter>
    </ClInclude>
    <ClInclude Include="..\external\ChaiScript-5.8.5\include\chaiscript\dispatchkit\boxed_value.hpp">
      <Filter>Chaiscript</Filter>
    </ClInclude>
    <ClInclude Include="..\external\ChaiScript-5.8.5\include\chaiscript\dispatchkit\callable_traits.hpp">
      <Filter>Chaiscript</Filter>
    </ClInclude>
    <ClInclude Include="..\external\ChaiScript-5.8.5\include\chaiscript\dispatchkit\dispatchkit.hpp">
      <Filter>Chaiscript</Filter>
    </ClInclude>
    <ClInclude Include="..\external\ChaiScript-5.8.5\include\chaiscript\dispatchkit\dynamic_object.hpp">
      <Filter>Chaiscript</Filter>
    </ClInclude>
    <ClInclude Include="..\external\ChaiScript-5.8.5\include\chaiscript\dispatchkit\dynamic_object_detail.hpp">
      <Filter>Chaiscript</Filter>
    </ClInclude>
    <ClInclude Include="..\external\ChaiScript-5.8.5\include\chaiscript\dispatchkit\exception_specification.hpp">
      <Filter>Chaiscript</Filter>
    </ClInclude>
    <ClInclude Include="..\external\ChaiScript-5.8.5\include\chaiscript\dispatchkit\function_call.hpp">
      <Filter>Chaiscript</Filter>
    </ClInclude>
    <ClInclude Include="..\external\ChaiScript-5.8.5\include\chaiscript\dispatchkit\function_call_detail.hpp">
      <Filter>Chaiscript</Filter>
    </ClInclude>
    <ClInclude Include="..\external\ChaiScript-5.8.5\include\chaiscript\dispatchkit\handle_return.hpp">
      <Filter>Chaiscript</Filter>
    </ClInclude>
    <ClInclude Include="..\external\ChaiScript-5.8.5\include\chaiscript\dispatchkit\operators.hpp">
      <Filter>Chaiscript</Filter>
    </ClInclude>
    <ClInclude Include="..\external\ChaiScript-5.8.5\include\chaiscript\dispatchkit\proxy_constructors.hpp">
      <Filter>Chaiscript</Filter>
    </ClInclude>
    <ClInclude Include="..\external\ChaiScript-5.8.5\include\chaiscript\dispatchkit\proxy_functions.hpp">
      <Filter>Chaiscript</Filter>
    </ClInclude>
    <ClInclude Include="..\external\ChaiScript-5.8.5\include\chaiscript\dispatchkit\proxy_functions_detail.hpp">
      <Filter>Chaiscript</Filter>
    </ClInclude>
    <ClInclude Include="..\external\ChaiScript-5.8.5\include\chaiscript\dispatchkit\register_function.hpp">
      <Filter>Chaiscript</Filter>
    </ClInclude>
    <ClInclude Include="..\external\ChaiScript-5.8.5\include\chaiscript\dispatchkit\type_conversions.hpp">
      <Filter>Chaiscript</Filter>
    </ClInclude>
    <ClInclude Include="..\external\ChaiScript-5.8.5\include\chaiscript\dispatchkit\type_info.hpp">
      <Filter>Chaiscript</Filter>
    </ClInclude>
    <ClInclude Include="..\external\ChaiScript-5.8.5\include\chaiscript\language\chaiscript_algebraic.hpp">
      <Filter>Chaiscript</Filter>
    </ClInclude>
    <ClInclude Include="..\external\ChaiScript-5.8.5\include\chaiscript\language\chaiscript_common.hpp">
      <Filter>Chaiscript</Filter>
    </ClInclude>
    <ClInclude Include="..\external\ChaiScript-5.8.5\include\chaiscript\language\chaiscript_engine.hpp">
      <Filter>Chaiscript</Filter>
    </ClInclude>
    <ClInclude Include="..\external\ChaiScript-5.8.5\include\chaiscript\language\chaiscript_eval.hpp">
      <Filter>Chaiscript</Filter>
    </ClInclude>
    <ClInclude Include="..\external\ChaiScript-5.8.5\include\chaiscript\language\chaiscript_parser.hpp">
      <Filter>Chaiscript</Filter>
    </ClInclude>
    <ClInclude Include="..\external\ChaiScript-5.8.5\include\chaiscript\language\chaiscript_prelude_docs.hpp">
      <Filter>Chaiscript</Filter>
    </ClInclude>
    <ClInclude Include="..\external\ChaiScript-5.8.5\include\chaiscript\utility\json.hpp">
      <Filter>Chaiscript</Filter>
    </ClInclude>
    <ClInclude Include="..\external\ChaiScript-5.8.5\include\chaiscript\utility\json_wrap.hpp">
      <Filter>Chaiscript</Filter>
    </ClInclude>
    <ClInclude Include="..\external\ChaiScript-5.8.5\include\chaiscript\utility\utility.hpp">
      <Filter>Chaiscript</Filter>
    </ClInclude>
    <ClInclude Include="..\external\ChaiScript-5.8.5\include\chaiscript\chaiscript.hpp">
      <Filter>Chaiscript</Filter>
    </ClInclude>
    <ClInclude Include="..\external\ChaiScript-5.8.5\include\chaiscript\chaiscript_defines.hpp">
      <Filter>Chaiscript</Filter>
    </ClInclude>
    <ClInclude Include="..\external\ChaiScript-5.8.5\include\chaiscript\chaiscript_stdlib.hpp">
      <Filter>Chaiscript</Filter>
    </ClInclude>
    <ClInclude Include="Source\Game\NetworkLayer\networkAction.h">
      <Filter>Source Files\Game\NetworkLayer</Filter>
    </ClInclude>
    <ClInclude Include="Source\Game\NetworkLayer\gameServerActions.h">
      <Filter>Source Files\Game\NetworkLayer</Filter>
    </ClInclude>
    <ClInclude Include="Source\Game\managers.h">
      <Filter>Source Files\Game</Filter>
    </ClInclude>
    <ClInclude Include="Source\Game\Instance\team.h">
      <Filter>Source Files\Game\Instance</Filter>
    </ClInclude>
    <ClInclude Include="Source\Utility\asioThreadPool.h">
      <Filter>Source Files\Utility</Filter>
    </ClInclude>
    <ClInclude Include="Source\Utility\threadPool.hpp">
      <Filter>Source Files\Utility</Filter>
    </ClInclude>
    <ClInclude Include="Source\Utility\exactType.hpp">
      <Filter>Source Files\Utility</Filter>
    </ClInclude>
  </ItemGroup>
  <ItemGroup>
    <None Include="..\external\cereal\include\cereal\external\rapidxml\manual.html">
      <Filter>Cereal</Filter>
    </None>
    <None Include="..\external\spine\LICENSE">
      <Filter>Spine</Filter>
    </None>
    <None Include="..\external\spine\README.md">
      <Filter>Spine</Filter>
    </None>
    <None Include="ClassDiagram.cd" />
  </ItemGroup>
  <ItemGroup>
    <Text Include="..\external\spine\CMakeLists.txt">
      <Filter>Spine</Filter>
    </Text>
  </ItemGroup>
</Project>