<?xml version="1.0" encoding="utf-8"?>
<Project ToolsVersion="4.0" xmlns="http://schemas.microsoft.com/developer/msbuild/2003">
  <ItemGroup>
    <Filter Include="Resource Files">
      <UniqueIdentifier>{67DA6AB6-F800-4c08-8B7A-83BB121AAD01}</UniqueIdentifier>
      <Extensions>rc;ico;cur;bmp;dlg;rc2;rct;bin;rgs;gif;jpg;jpeg;jpe;resx;tiff;tif;png;wav;mfcribbon-ms</Extensions>
    </Filter>
    <Filter Include="Source Files">
      <UniqueIdentifier>{47fa3cd1-5957-4db5-94db-0723f41d2100}</UniqueIdentifier>
    </Filter>
    <Filter Include="Source Files\Animation">
      <UniqueIdentifier>{ea5b42cf-bf9d-4ca2-a95a-eaf9e236e193}</UniqueIdentifier>
    </Filter>
    <Filter Include="Source Files\Audio">
      <UniqueIdentifier>{1c2ab69a-5a84-405e-9c1f-d558930e76da}</UniqueIdentifier>
    </Filter>
    <Filter Include="Source Files\Network">
      <UniqueIdentifier>{3ccc69b7-34c0-46f1-84cb-dd535d66b643}</UniqueIdentifier>
    </Filter>
    <Filter Include="Source Files\Render">
      <UniqueIdentifier>{840ee3cd-eab6-492e-b4c2-e54e241c2b23}</UniqueIdentifier>
    </Filter>
    <Filter Include="Source Files\Utility">
      <UniqueIdentifier>{34830686-1a99-4cc8-a232-157e9d01c0f6}</UniqueIdentifier>
    </Filter>
    <Filter Include="Source Files\Game">
      <UniqueIdentifier>{357f5be2-2b40-4677-a018-e9ccb77ea492}</UniqueIdentifier>
    </Filter>
    <Filter Include="Source Files\Interface">
      <UniqueIdentifier>{f65214b0-abc8-45ee-9ef7-d3e8207391ff}</UniqueIdentifier>
    </Filter>
    <Filter Include="Cereal">
      <UniqueIdentifier>{61a13c6e-f66f-44ba-b2a1-43a50d51af34}</UniqueIdentifier>
    </Filter>
    <Filter Include="Source Files\Render\Scene">
      <UniqueIdentifier>{e93f5cab-d33b-4c4e-be82-c58de8c3a0f2}</UniqueIdentifier>
    </Filter>
  </ItemGroup>
  <ItemGroup>
    <ClCompile Include="Source\Animation\frameSwapper.cpp">
      <Filter>Source Files\Animation</Filter>
    </ClCompile>
    <ClCompile Include="Source\Audio\sound.cpp">
      <Filter>Source Files\Audio</Filter>
    </ClCompile>
    <ClCompile Include="Source\main.cpp">
      <Filter>Source Files</Filter>
    </ClCompile>
    <ClCompile Include="Source\Render\points.cpp">
      <Filter>Source Files\Render</Filter>
    </ClCompile>
    <ClCompile Include="Source\Render\render.cpp">
      <Filter>Source Files\Render</Filter>
    </ClCompile>
    <ClCompile Include="Source\Render\text.cpp">
      <Filter>Source Files\Render</Filter>
    </ClCompile>
    <ClCompile Include="Source\Render\textures.cpp">
      <Filter>Source Files\Render</Filter>
    </ClCompile>
    <ClCompile Include="Source\Utility\stopwatch.cpp">
      <Filter>Source Files\Utility</Filter>
    </ClCompile>
    <ClCompile Include="Source\Utility\generalUtility.cpp">
      <Filter>Source Files\Utility</Filter>
    </ClCompile>
    <ClCompile Include="Source\Utility\notification.cpp">
      <Filter>Source Files\Utility</Filter>
    </ClCompile>
    <ClCompile Include="Source\Render\matrix.cpp">
      <Filter>Source Files\Render</Filter>
    </ClCompile>
    <ClCompile Include="Source\Game\pathGrid.cpp">
      <Filter>Source Files\Game</Filter>
    </ClCompile>
    <ClCompile Include="Source\Network\network.cpp">
      <Filter>Source Files\Network</Filter>
    </ClCompile>
    <ClCompile Include="Source\Animation\actionSequence.cpp">
      <Filter>Source Files\Animation</Filter>
    </ClCompile>
    <ClCompile Include="Source\exampleCode.cpp">
      <Filter>Source Files</Filter>
    </ClCompile>
    <ClCompile Include="Source\Interface\mouse.cpp">
      <Filter>Source Files\Interface</Filter>
    </ClCompile>
    <ClCompile Include="Source\Game\game.cpp">
      <Filter>Source Files\Game</Filter>
    </ClCompile>
    <ClCompile Include="Source\Render\boxaabb.cpp">
      <Filter>Source Files\Render</Filter>
    </ClCompile>
    <ClCompile Include="Source\Render\Scene\node.cpp">
      <Filter>Source Files\Render\Scene</Filter>
    </ClCompile>
    <ClCompile Include="Source\Render\Scene\clipped.cpp">
      <Filter>Source Files\Render\Scene</Filter>
    </ClCompile>
    <ClCompile Include="Source\Render\Scene\button.cpp">
      <Filter>Source Files\Render\Scene</Filter>
    </ClCompile>
    <ClCompile Include="Source\Render\Scene\primitives.cpp">
      <Filter>Source Files\Render\Scene</Filter>
    </ClCompile>
    <ClCompile Include="Source\Editor\editor.cpp">
      <Filter>Source Files\Game</Filter>
    </ClCompile>
    <ClCompile Include="Source\Editor\editorControls.cpp" />
    <ClCompile Include="Source\Editor\editorSelection.cpp" />
    <ClCompile Include="Source\Editor\editorPanels.cpp" />
    <ClCompile Include="Source\Editor\editorFactories.cpp" />
    <ClCompile Include="..\external\gl3w\src\gl3w.c" />
    <ClCompile Include="Source\Render\Scene\sliced.cpp">
      <Filter>Source Files\Render\Scene</Filter>
    </ClCompile>
  </ItemGroup>
  <ItemGroup>
    <ClInclude Include="Source\Animation\frameSwapper.h">
      <Filter>Source Files\Animation</Filter>
    </ClInclude>
    <ClInclude Include="Source\Animation\package.h">
      <Filter>Source Files\Animation</Filter>
    </ClInclude>
    <ClInclude Include="Source\Audio\package.h">
      <Filter>Source Files\Audio</Filter>
    </ClInclude>
    <ClInclude Include="Source\Audio\sound.h">
      <Filter>Source Files\Audio</Filter>
    </ClInclude>
    <ClInclude Include="Source\Render\package.h">
      <Filter>Source Files\Render</Filter>
    </ClInclude>
    <ClInclude Include="Source\Render\points.h">
      <Filter>Source Files\Render</Filter>
    </ClInclude>
    <ClInclude Include="Source\Render\render.h">
      <Filter>Source Files\Render</Filter>
    </ClInclude>
    <ClInclude Include="Source\Render\text.h">
      <Filter>Source Files\Render</Filter>
    </ClInclude>
    <ClInclude Include="Source\Render\textures.h">
      <Filter>Source Files\Render</Filter>
    </ClInclude>
    <ClInclude Include="Source\Utility\package.h">
      <Filter>Source Files\Utility</Filter>
    </ClInclude>
    <ClInclude Include="Source\Utility\stopwatch.h">
      <Filter>Source Files\Utility</Filter>
    </ClInclude>
    <ClInclude Include="Source\Utility\generalUtility.h">
      <Filter>Source Files\Utility</Filter>
    </ClInclude>
    <ClInclude Include="Source\Utility\notification.h">
      <Filter>Source Files\Utility</Filter>
    </ClInclude>
    <ClInclude Include="Source\Render\matrix.h">
      <Filter>Source Files\Render</Filter>
    </ClInclude>
    <ClInclude Include="Source\Render\glext.h">
      <Filter>Source Files\Render</Filter>
    </ClInclude>
    <ClInclude Include="Source\Game\pathGrid.h">
      <Filter>Source Files\Game</Filter>
    </ClInclude>
    <ClInclude Include="Source\Network\network.h">
      <Filter>Source Files\Network</Filter>
    </ClInclude>
    <ClInclude Include="Source\Animation\actionSequence.h">
      <Filter>Source Files\Animation</Filter>
    </ClInclude>
    <ClInclude Include="Source\Network\package.h">
      <Filter>Source Files\Network</Filter>
    </ClInclude>
    <ClInclude Include="Source\Utility\scopeGuard.hpp">
      <Filter>Source Files\Utility</Filter>
    </ClInclude>
    <ClInclude Include="Source\Utility\signal.hpp">
      <Filter>Source Files\Utility</Filter>
    </ClInclude>
    <ClInclude Include="Source\exampleCode.h">
      <Filter>Source Files</Filter>
    </ClInclude>
    <ClInclude Include="Source\Utility\messageHandler.hpp">
      <Filter>Source Files\Utility</Filter>
    </ClInclude>
    <ClInclude Include="Source\Interface\package.h">
      <Filter>Source Files\Interface</Filter>
    </ClInclude>
    <ClInclude Include="Source\Interface\mouse.h">
      <Filter>Source Files\Interface</Filter>
    </ClInclude>
    <ClInclude Include="..\external\cereal\include\cereal\access.hpp">
      <Filter>Cereal</Filter>
    </ClInclude>
    <ClInclude Include="..\external\cereal\include\cereal\archives\binary.hpp">
      <Filter>Cereal</Filter>
    </ClInclude>
    <ClInclude Include="..\external\cereal\include\cereal\archives\json.hpp">
      <Filter>Cereal</Filter>
    </ClInclude>
    <ClInclude Include="..\external\cereal\include\cereal\archives\portable_binary.hpp">
      <Filter>Cereal</Filter>
    </ClInclude>
    <ClInclude Include="..\external\cereal\include\cereal\archives\xml.hpp">
      <Filter>Cereal</Filter>
    </ClInclude>
    <ClInclude Include="..\external\cereal\include\cereal\cereal.hpp">
      <Filter>Cereal</Filter>
    </ClInclude>
    <ClInclude Include="..\external\cereal\include\cereal\details\helpers.hpp">
      <Filter>Cereal</Filter>
    </ClInclude>
    <ClInclude Include="..\external\cereal\include\cereal\details\polymorphic_impl.hpp">
      <Filter>Cereal</Filter>
    </ClInclude>
    <ClInclude Include="..\external\cereal\include\cereal\details\static_object.hpp">
      <Filter>Cereal</Filter>
    </ClInclude>
    <ClInclude Include="..\external\cereal\include\cereal\details\traits.hpp">
      <Filter>Cereal</Filter>
    </ClInclude>
    <ClInclude Include="..\external\cereal\include\cereal\details\util.hpp">
      <Filter>Cereal</Filter>
    </ClInclude>
    <ClInclude Include="..\external\cereal\include\cereal\external\base64.hpp">
      <Filter>Cereal</Filter>
    </ClInclude>
    <ClInclude Include="..\external\cereal\include\cereal\external\rapidjson\document.h">
      <Filter>Cereal</Filter>
    </ClInclude>
    <ClInclude Include="..\external\cereal\include\cereal\external\rapidjson\filestream.h">
      <Filter>Cereal</Filter>
    </ClInclude>
    <ClInclude Include="..\external\cereal\include\cereal\external\rapidjson\genericstream.h">
      <Filter>Cereal</Filter>
    </ClInclude>
    <ClInclude Include="..\external\cereal\include\cereal\external\rapidjson\internal\pow10.h">
      <Filter>Cereal</Filter>
    </ClInclude>
    <ClInclude Include="..\external\cereal\include\cereal\external\rapidjson\internal\stack.h">
      <Filter>Cereal</Filter>
    </ClInclude>
    <ClInclude Include="..\external\cereal\include\cereal\external\rapidjson\internal\strfunc.h">
      <Filter>Cereal</Filter>
    </ClInclude>
    <ClInclude Include="..\external\cereal\include\cereal\external\rapidjson\prettywriter.h">
      <Filter>Cereal</Filter>
    </ClInclude>
    <ClInclude Include="..\external\cereal\include\cereal\external\rapidjson\rapidjson.h">
      <Filter>Cereal</Filter>
    </ClInclude>
    <ClInclude Include="..\external\cereal\include\cereal\external\rapidjson\reader.h">
      <Filter>Cereal</Filter>
    </ClInclude>
    <ClInclude Include="..\external\cereal\include\cereal\external\rapidjson\stringbuffer.h">
      <Filter>Cereal</Filter>
    </ClInclude>
    <ClInclude Include="..\external\cereal\include\cereal\external\rapidjson\writer.h">
      <Filter>Cereal</Filter>
    </ClInclude>
    <ClInclude Include="..\external\cereal\include\cereal\external\rapidxml\rapidxml.hpp">
      <Filter>Cereal</Filter>
    </ClInclude>
    <ClInclude Include="..\external\cereal\include\cereal\external\rapidxml\rapidxml_iterators.hpp">
      <Filter>Cereal</Filter>
    </ClInclude>
    <ClInclude Include="..\external\cereal\include\cereal\external\rapidxml\rapidxml_print.hpp">
      <Filter>Cereal</Filter>
    </ClInclude>
    <ClInclude Include="..\external\cereal\include\cereal\external\rapidxml\rapidxml_utils.hpp">
      <Filter>Cereal</Filter>
    </ClInclude>
    <ClInclude Include="..\external\cereal\include\cereal\types\array.hpp">
      <Filter>Cereal</Filter>
    </ClInclude>
    <ClInclude Include="..\external\cereal\include\cereal\types\base_class.hpp">
      <Filter>Cereal</Filter>
    </ClInclude>
    <ClInclude Include="..\external\cereal\include\cereal\types\bitset.hpp">
      <Filter>Cereal</Filter>
    </ClInclude>
    <ClInclude Include="..\external\cereal\include\cereal\types\boost_variant.hpp">
      <Filter>Cereal</Filter>
    </ClInclude>
    <ClInclude Include="..\external\cereal\include\cereal\types\chrono.hpp">
      <Filter>Cereal</Filter>
    </ClInclude>
    <ClInclude Include="..\external\cereal\include\cereal\types\common.hpp">
      <Filter>Cereal</Filter>
    </ClInclude>
    <ClInclude Include="..\external\cereal\include\cereal\types\complex.hpp">
      <Filter>Cereal</Filter>
    </ClInclude>
    <ClInclude Include="..\external\cereal\include\cereal\types\deque.hpp">
      <Filter>Cereal</Filter>
    </ClInclude>
    <ClInclude Include="..\external\cereal\include\cereal\types\forward_list.hpp">
      <Filter>Cereal</Filter>
    </ClInclude>
    <ClInclude Include="..\external\cereal\include\cereal\types\list.hpp">
      <Filter>Cereal</Filter>
    </ClInclude>
    <ClInclude Include="..\external\cereal\include\cereal\types\map.hpp">
      <Filter>Cereal</Filter>
    </ClInclude>
    <ClInclude Include="..\external\cereal\include\cereal\types\memory.hpp">
      <Filter>Cereal</Filter>
    </ClInclude>
    <ClInclude Include="..\external\cereal\include\cereal\types\polymorphic.hpp">
      <Filter>Cereal</Filter>
    </ClInclude>
    <ClInclude Include="..\external\cereal\include\cereal\types\queue.hpp">
      <Filter>Cereal</Filter>
    </ClInclude>
    <ClInclude Include="..\external\cereal\include\cereal\types\set.hpp">
      <Filter>Cereal</Filter>
    </ClInclude>
    <ClInclude Include="..\external\cereal\include\cereal\types\stack.hpp">
      <Filter>Cereal</Filter>
    </ClInclude>
    <ClInclude Include="..\external\cereal\include\cereal\types\string.hpp">
      <Filter>Cereal</Filter>
    </ClInclude>
    <ClInclude Include="..\external\cereal\include\cereal\types\tuple.hpp">
      <Filter>Cereal</Filter>
    </ClInclude>
    <ClInclude Include="..\external\cereal\include\cereal\types\unordered_map.hpp">
      <Filter>Cereal</Filter>
    </ClInclude>
    <ClInclude Include="..\external\cereal\include\cereal\types\unordered_set.hpp">
      <Filter>Cereal</Filter>
    </ClInclude>
    <ClInclude Include="..\external\cereal\include\cereal\types\utility.hpp">
      <Filter>Cereal</Filter>
    </ClInclude>
    <ClInclude Include="..\external\cereal\include\cereal\types\vector.hpp">
      <Filter>Cereal</Filter>
    </ClInclude>
    <ClInclude Include="Source\Game\game.h">
      <Filter>Source Files\Game</Filter>
    </ClInclude>
    <ClInclude Include="Source\Render\boxaabb.h">
      <Filter>Source Files\Render</Filter>
    </ClInclude>
    <ClInclude Include="Source\Render\Scene\button.h">
      <Filter>Source Files\Render\Scene</Filter>
    </ClInclude>
    <ClInclude Include="Source\Render\Scene\node.h">
      <Filter>Source Files\Render\Scene</Filter>
    </ClInclude>
    <ClInclude Include="Source\Render\Scene\package.h">
      <Filter>Source Files\Render\Scene</Filter>
    </ClInclude>
    <ClInclude Include="Source\Render\Scene\sceneMessages.hpp">
      <Filter>Source Files\Render\Scene</Filter>
    </ClInclude>
    <ClInclude Include="Source\Render\Scene\clipped.h">
      <Filter>Source Files\Render\Scene</Filter>
    </ClInclude>
    <ClInclude Include="Source\Render\Scene\primitives.h">
      <Filter>Source Files\Render\Scene</Filter>
    </ClInclude>
    <ClInclude Include="Source\Editor\editor.h">
      <Filter>Source Files\Game</Filter>
    </ClInclude>
    <ClInclude Include="Source\Editor\editorControls.h" />
    <ClInclude Include="Source\Editor\editorSelection.h" />
    <ClInclude Include="Source\Editor\editorPanels.h" />
    <ClInclude Include="Source\Editor\editorDefines.h" />
    <ClInclude Include="Source\Editor\editorFactories.h" />
    <ClInclude Include="Source\Render\Scene\sliced.h">
      <Filter>Source Files\Render\Scene</Filter>
    </ClInclude>
  </ItemGroup>
  <ItemGroup>
    <None Include="..\external\cereal\include\cereal\external\rapidxml\manual.html">
      <Filter>Cereal</Filter>
    </None>
  </ItemGroup>
</Project>